
Microsoft Visual Studio Solution File, Format Version 12.00
# Visual Studio 14
VisualStudioVersion = 14.0.25420.1
MinimumVisualStudioVersion = 10.0.40219.1
Project("{2150E333-8FDC-42A3-9474-1A3956D46DE8}") = "Tests", "Tests", "{9E64D387-518E-4C43-88AA-9AFF2FCE0A98}"
EndProject
Project("{2150E333-8FDC-42A3-9474-1A3956D46DE8}") = "Common", "Common", "{86D936D4-8F83-4ACF-BDBA-9FEA90430A09}"
EndProject
Project("{2150E333-8FDC-42A3-9474-1A3956D46DE8}") = "Core", "Core", "{457F97F6-B81F-441B-903F-F33944D53013}"
EndProject
Project("{2150E333-8FDC-42A3-9474-1A3956D46DE8}") = "Apps", "Apps", "{41DD6BA0-3EFE-43E9-8C27-CAB936EE95D5}"
EndProject
Project("{FAE04EC0-301F-11D3-BF4B-00C04F79EFBC}") = "MarketMiner.Common", "MarketMiner.Common\MarketMiner.Common.csproj", "{110C07D3-3AF7-4129-B9C9-85D8263B641B}"
EndProject
Project("{2150E333-8FDC-42A3-9474-1A3956D46DE8}") = "Algorithms", "Algorithms", "{952C8D27-1347-4833-917E-D28839C1233F}"
EndProject
Project("{FAE04EC0-301F-11D3-BF4B-00C04F79EFBC}") = "MarketMiner.Console.Sandbox", "MarketMiner.Console.Sandbox\MarketMiner.Console.Sandbox.csproj", "{0EF9A46A-6BC1-41D6-8E9F-FFBEB3487949}"
EndProject
Project("{FAE04EC0-301F-11D3-BF4B-00C04F79EFBC}") = "MarketMiner.UI", "MarketMiner.UI\MarketMiner.UI.csproj", "{3CEA67B1-C2F7-4F2F-A5CE-5FC528E91FD0}"
EndProject
Project("{2150E333-8FDC-42A3-9474-1A3956D46DE8}") = "ResourceAccess", "ResourceAccess", "{6EF891EB-C1CA-4FA7-97C1-AF8F928733CC}"
EndProject
Project("{2150E333-8FDC-42A3-9474-1A3956D46DE8}") = "Client", "Client", "{8E3A29E9-A968-46D7-ACC8-7C963468C7CD}"
EndProject
Project("{2150E333-8FDC-42A3-9474-1A3956D46DE8}") = "Currencies", "Currencies", "{BD8E403E-1F90-4E25-8BA8-3AC88C9B7FF4}"
EndProject
Project("{2150E333-8FDC-42A3-9474-1A3956D46DE8}") = "CentralBanks", "CentralBanks", "{23B3A6D6-C00D-4479-B04B-AAC4AB035B41}"
EndProject
Project("{2150E333-8FDC-42A3-9474-1A3956D46DE8}") = "Patterns", "Patterns", "{E21FB2D7-50F7-46B5-83E6-488343C633B7}"
EndProject
Project("{2150E333-8FDC-42A3-9474-1A3956D46DE8}") = "OANDA", "OANDA", "{77C394BB-A678-4FF0-B616-8C492DE41FEC}"
EndProject
Project("{FAE04EC0-301F-11D3-BF4B-00C04F79EFBC}") = "MarketMiner.Common.Contracts", "MarketMiner.Common.Contracts\MarketMiner.Common.Contracts.csproj", "{220AA4D4-DDA8-4E39-8E0A-819AA4E8B56D}"
EndProject
Project("{2150E333-8FDC-42A3-9474-1A3956D46DE8}") = "Api", "Api", "{1D6755C9-B07B-4E28-8C59-526411640BE2}"
EndProject
Project("{2150E333-8FDC-42A3-9474-1A3956D46DE8}") = "Business", "Business", "{5F6C4D61-5A53-44E9-8512-1333A174C5A3}"
EndProject
Project("{FAE04EC0-301F-11D3-BF4B-00C04F79EFBC}") = "MarketMiner.Api.ETrade", "MarketMiner.Api.ETrade\MarketMiner.Api.ETrade.csproj", "{EAEC95A7-8162-4B43-A0EA-82F5C486F2FE}"
EndProject
Project("{FAE04EC0-301F-11D3-BF4B-00C04F79EFBC}") = "MarketMiner.Api.FXCM", "MarketMiner.Api.FXCM\MarketMiner.Api.FXCM.csproj", "{8F11AB7B-F43A-4873-A547-27A0F8DE57F9}"
EndProject
Project("{FAE04EC0-301F-11D3-BF4B-00C04F79EFBC}") = "MarketMiner.Api.OANDA", "MarketMiner.Api.OANDA\MarketMiner.Api.OANDA.csproj", "{01F10C6A-2C92-42A7-A637-1464B60A6C3B}"
EndProject
Project("{2150E333-8FDC-42A3-9474-1A3956D46DE8}") = "Portable", "Portable", "{C8581291-F367-4F03-B990-428BD0F3644C}"
EndProject
Project("{FAE04EC0-301F-11D3-BF4B-00C04F79EFBC}") = "MarketMiner.Data", "MarketMiner.Data\MarketMiner.Data.csproj", "{D5985055-9ECC-4155-86D8-AE2F68B5EC92}"
EndProject
Project("{FAE04EC0-301F-11D3-BF4B-00C04F79EFBC}") = "MarketMiner.Data.Contracts", "MarketMiner.Data.Contracts\MarketMiner.Data.Contracts.csproj", "{29F3757D-94FB-4690-9F2A-C4B3979F79BC}"
EndProject
Project("{FAE04EC0-301F-11D3-BF4B-00C04F79EFBC}") = "MarketMiner.Business.Managers", "MarketMiner.Business.Managers\MarketMiner.Business.Managers.csproj", "{64356520-F6B3-48EC-A304-C96EE1336FFD}"
EndProject
Project("{FAE04EC0-301F-11D3-BF4B-00C04F79EFBC}") = "MarketMiner.Business.Contracts", "MarketMiner.Business.Contracts\MarketMiner.Business.Contracts.csproj", "{CF0CD47D-E2B0-4A02-9EA2-829E45C0D1D8}"
EndProject
Project("{FAE04EC0-301F-11D3-BF4B-00C04F79EFBC}") = "MarketMiner.Client.Entities", "MarketMiner.Client.Entities\MarketMiner.Client.Entities.csproj", "{E43F67A1-EF9F-406A-8639-9E9FBB9B12DA}"
EndProject
Project("{FAE04EC0-301F-11D3-BF4B-00C04F79EFBC}") = "MarketMiner.Business", "MarketMiner.Business\MarketMiner.Business.csproj", "{222D1C95-C49D-45F7-B7B1-F62C06951A97}"
EndProject
Project("{FAE04EC0-301F-11D3-BF4B-00C04F79EFBC}") = "MarketMiner.Business.Common", "MarketMiner.Business.Common\MarketMiner.Business.Common.csproj", "{37ED2396-BCE1-475F-BF36-9DD2E82A4653}"
EndProject
Project("{FAE04EC0-301F-11D3-BF4B-00C04F79EFBC}") = "MarketMiner.Business.Entities", "MarketMiner.Business.Entities\MarketMiner.Business.Entities.csproj", "{5C8DC230-186F-4686-8BA9-90C2EDC3158B}"
EndProject
Project("{FAE04EC0-301F-11D3-BF4B-00C04F79EFBC}") = "MarketMiner.Business.Bootstrapper", "MarketMiner.Business.Bootstrapper\MarketMiner.Business.Bootstrapper.csproj", "{F7571DD7-6F20-49D0-964B-16C11B750FB9}"
EndProject
Project("{FAE04EC0-301F-11D3-BF4B-00C04F79EFBC}") = "MarketMiner.Api.Common", "MarketMiner.Api.Common\MarketMiner.Api.Common.csproj", "{A02DB3E7-9E3F-4398-882B-B8DDA9CDCB81}"
EndProject
Project("{FAE04EC0-301F-11D3-BF4B-00C04F79EFBC}") = "MarketMiner.Api.Client.Common", "MarketMiner.Api.Client.Common\MarketMiner.Api.Client.Common.csproj", "{736DC257-4FB2-44A8-8458-48F4FBCE3069}"
EndProject
Project("{FAE04EC0-301F-11D3-BF4B-00C04F79EFBC}") = "MarketMiner.Api.Client.OANDA", "MarketMiner.Api.Client.OANDA\MarketMiner.Api.Client.OANDA.csproj", "{F6AC1FAB-762F-4659-8E6D-78C543941805}"
EndProject
Project("{FAE04EC0-301F-11D3-BF4B-00C04F79EFBC}") = "MarketMiner.Api.OANDA.Extensions", "MarketMiner.Api.OANDA.Extensions\MarketMiner.Api.OANDA.Extensions.csproj", "{8C25C859-832D-4F15-A512-C59684C6C523}"
EndProject
Project("{FAE04EC0-301F-11D3-BF4B-00C04F79EFBC}") = "MarketMiner.Algorithm.OANDA.BOJ", "MarketMiner.Algorithm.OANDA.BOJ\MarketMiner.Algorithm.OANDA.BOJ.csproj", "{4558F659-21ED-4391-A106-20AB629C443C}"
EndProject
Project("{FAE04EC0-301F-11D3-BF4B-00C04F79EFBC}") = "MarketMiner.Algorithm.OANDA.FED", "MarketMiner.Algorithm.OANDA.FED\MarketMiner.Algorithm.OANDA.FED.csproj", "{024B1D67-DEA8-48BE-A223-809EFD024704}"
EndProject
Project("{FAE04EC0-301F-11D3-BF4B-00C04F79EFBC}") = "MarketMiner.Algorithm.OANDA.RBA", "MarketMiner.Algorithm.OANDA.RBA\MarketMiner.Algorithm.OANDA.RBA.csproj", "{0B0CE9BD-8241-4E3E-A035-BABB5BAEE4DC}"
EndProject
Project("{FAE04EC0-301F-11D3-BF4B-00C04F79EFBC}") = "MarketMiner.Algorithm.OANDA.PriceGap", "MarketMiner.Algorithm.OANDA.PriceGap\MarketMiner.Algorithm.OANDA.PriceGap.csproj", "{9177BB31-B035-4726-8486-8AD211F4E107}"
EndProject
Project("{FAE04EC0-301F-11D3-BF4B-00C04F79EFBC}") = "MarketMiner.Algorithm.OANDA.USDJPY", "MarketMiner.Algorithm.OANDA.USDJPY\MarketMiner.Algorithm.OANDA.USDJPY.csproj", "{91EEC12A-8169-40FD-AFF3-B204C6176D70}"
EndProject
Project("{FAE04EC0-301F-11D3-BF4B-00C04F79EFBC}") = "MarketMiner.Algorithm.OANDA.AUDUSD", "MarketMiner.Algorithm.OANDA.AUDUSD\MarketMiner.Algorithm.OANDA.AUDUSD.csproj", "{E6101B43-5D4D-498F-A3BC-C49B87214BED}"
EndProject
Project("{FAE04EC0-301F-11D3-BF4B-00C04F79EFBC}") = "MarketMiner.Algorithm.OANDA.SilverBullet", "MarketMiner.Algorithm.OANDA.SilverBullet\MarketMiner.Algorithm.OANDA.SilverBullet.csproj", "{DCFD8AE5-0BF0-415E-80A1-F26DADFBA654}"
EndProject
Project("{FAE04EC0-301F-11D3-BF4B-00C04F79EFBC}") = "MarketMiner.Algorithm.OANDA.NZDUSD", "MarketMiner.Algorithm.OANDA.NZDUSD\MarketMiner.Algorithm.OANDA.NZDUSD.csproj", "{DA1FE3B3-8149-42B7-A39A-F8A1028D2A4D}"
EndProject
Project("{2150E333-8FDC-42A3-9474-1A3956D46DE8}") = "ETrade", "ETrade", "{C5180308-9D67-4C7D-A0E2-EAB4D3DC039D}"
EndProject
Project("{FAE04EC0-301F-11D3-BF4B-00C04F79EFBC}") = "MarketMiner.Algorithm.ETrade.NewHIghs", "MarketMiner.Algorithm.ETrade.NewHIghs\MarketMiner.Algorithm.ETrade.NewHIghs.csproj", "{643A41F5-7EF3-4048-97EF-83A5D4E61BC0}"
EndProject
Project("{FAE04EC0-301F-11D3-BF4B-00C04F79EFBC}") = "MarketMiner.Console.SignalR", "MarketMiner.Console.SignalR\MarketMiner.Console.SignalR.csproj", "{F416E99D-5C7B-40FF-A0E9-BB3817C6C1A4}"
EndProject
Project("{FAE04EC0-301F-11D3-BF4B-00C04F79EFBC}") = "MarketMiner.Web.JS", "MarketMiner.Web.JS\MarketMiner.Web.JS.csproj", "{A59B2FDB-C1D3-4F36-ADBE-21284CB74D67}"
EndProject
Project("{FAE04EC0-301F-11D3-BF4B-00C04F79EFBC}") = "MarketMiner.SignalR.Tests", "MarketMiner.SignalR.Tests\MarketMiner.SignalR.Tests.csproj", "{F825AC44-D55B-4421-888E-CA8ABA065664}"
EndProject
Project("{FAE04EC0-301F-11D3-BF4B-00C04F79EFBC}") = "MarketMiner.Host.SignalR", "MarketMiner.Host.SignalR\MarketMiner.Host.SignalR.csproj", "{0E0F35FE-0FD6-4D53-9A81-FF93F56E8675}"
EndProject
Project("{FAE04EC0-301F-11D3-BF4B-00C04F79EFBC}") = "MarketMiner.Algorithm.Demo", "MarketMiner.Algorithm.Demo\MarketMiner.Algorithm.Demo.csproj", "{94A819C4-A633-4BF2-8163-D9C8C134D334}"
EndProject
Project("{FAE04EC0-301F-11D3-BF4B-00C04F79EFBC}") = "MarketMiner.Algorithms", "MarketMiner.Algorithms\MarketMiner.Algorithms.csproj", "{946756BC-5AB2-4E07-A7BC-F7E460AA174A}"
EndProject
Project("{FAE04EC0-301F-11D3-BF4B-00C04F79EFBC}") = "MarketMiner.Client.Proxies", "MarketMiner.Client.Proxies\MarketMiner.Client.Proxies.csproj", "{FE309C6D-19B9-4D30-8B05-82EED92CC9AA}"
EndProject
Project("{FAE04EC0-301F-11D3-BF4B-00C04F79EFBC}") = "MarketMiner.Client.Contracts", "MarketMiner.Client.Contracts\MarketMiner.Client.Contracts.csproj", "{C47D30A6-5330-49BC-8CDA-E7C38D87C869}"
EndProject
Project("{FAE04EC0-301F-11D3-BF4B-00C04F79EFBC}") = "MarketMiner.Algorithm.OANDA.BreadAndButter", "MarketMiner.Algorithm.OANDA.BreadAndButter\MarketMiner.Algorithm.OANDA.BreadAndButter.csproj", "{C3B5E601-A381-488A-8B1B-2AFC3A299F50}"
EndProject
Project("{FAE04EC0-301F-11D3-BF4B-00C04F79EFBC}") = "MarketMiner.Algorithm.OANDA.Common", "MarketMiner.Algorithm.OANDA.Common\MarketMiner.Algorithm.OANDA.Common.csproj", "{EC5F7120-1D69-446E-9963-7B6A8B2C38A9}"
EndProject
Project("{FAE04EC0-301F-11D3-BF4B-00C04F79EFBC}") = "MarketMiner.Algorithm.Common", "MarketMiner.Algorithm.Common\MarketMiner.Algorithm.Common.csproj", "{5604998E-0EE7-4AFF-A999-DCC4B80148CB}"
EndProject
Project("{FAE04EC0-301F-11D3-BF4B-00C04F79EFBC}") = "MarketMiner.Web.Mvc.Tests", "MarketMiner.Web.Mvc.Tests\MarketMiner.Web.Mvc.Tests.csproj", "{BA278575-90B1-46F5-AAB6-5C16518A6D0A}"
EndProject
Project("{FAE04EC0-301F-11D3-BF4B-00C04F79EFBC}") = "MarketMiner.Client.Bootstrapper", "MarketMiner.Client.Bootstrapper\MarketMiner.Client.Bootstrapper.csproj", "{27E67E32-1459-4C5F-B9D1-CB6F530238C0}"
EndProject
Project("{FAE04EC0-301F-11D3-BF4B-00C04F79EFBC}") = "MarketMiner.Services", "MarketMiner.Services\MarketMiner.Services.csproj", "{6FF781E5-FE3A-4A34-8E43-AFCA7357C841}"
EndProject
Project("{FAE04EC0-301F-11D3-BF4B-00C04F79EFBC}") = "MarketMiner.SignalR", "MarketMiner.SignalR\MarketMiner.SignalR.csproj", "{769E9274-075C-403D-828D-8D4B3943580B}"
EndProject
Project("{FAE04EC0-301F-11D3-BF4B-00C04F79EFBC}") = "MarketMiner.Services.Tests", "MarketMiner.Services.Tests\MarketMiner.Services.Tests.csproj", "{E1F83CCC-3896-4598-B923-9F49F91169B3}"
EndProject
Project("{FAE04EC0-301F-11D3-BF4B-00C04F79EFBC}") = "MarketMiner.Business.Managers.Tests", "MarketMiner.Business.Managers.Tests\MarketMiner.Business.Managers.Tests.csproj", "{0DB2FE4E-D39C-4768-9B52-6B02254C4EAC}"
EndProject
Project("{FAE04EC0-301F-11D3-BF4B-00C04F79EFBC}") = "MarketMiner.Client.Proxies.Tests", "MarketMiner.Client.Proxies.Tests\MarketMiner.Client.Proxies.Tests.csproj", "{F36DCDB4-F9D5-42F5-9F88-C0994056E525}"
EndProject
Project("{2150E333-8FDC-42A3-9474-1A3956D46DE8}") = "Config", "Config", "{AF947A98-16B1-4118-81D1-D1D492663D96}"
	ProjectSection(SolutionItems) = preProject
		Config\connectionStrings.config = Config\connectionStrings.config
		Config\connectionStrings.release.config = Config\connectionStrings.release.config
		Config\system.diagnostics.config = Config\system.diagnostics.config
		Config\system.serviceModel.bindings.config = Config\system.serviceModel.bindings.config
		Config\system.serviceModel.diagnostics.config = Config\system.serviceModel.diagnostics.config
		Config\system.serviceModel.services.config = Config\system.serviceModel.services.config
	EndProjectSection
EndProject
Project("{FAE04EC0-301F-11D3-BF4B-00C04F79EFBC}") = "N.Core.Business", "..\..\Core\Release\N.Core.Business\N.Core.Business.csproj", "{63C5F965-36B9-4A25-AE5F-0B401FC9995A}"
EndProject
Project("{FAE04EC0-301F-11D3-BF4B-00C04F79EFBC}") = "N.Core.Common", "..\..\Core\Release\N.Core.Common\N.Core.Common.csproj", "{B3DEE307-900F-4250-99C4-8BE909EFDB1D}"
EndProject
Project("{FAE04EC0-301F-11D3-BF4B-00C04F79EFBC}") = "N.Core.Common.ServiceModel", "..\..\Core\Release\N.Core.Common.ServiceModel\N.Core.Common.ServiceModel.csproj", "{31C0D411-DEFF-4996-B738-212C3C1A4722}"
EndProject
Project("{FAE04EC0-301F-11D3-BF4B-00C04F79EFBC}") = "N.Core.Common.UI", "..\..\Core\Release\N.Core.Common.UI\N.Core.Common.UI.csproj", "{78125507-6DDF-4561-AF9D-0D25B3017AFB}"
EndProject
Project("{FAE04EC0-301F-11D3-BF4B-00C04F79EFBC}") = "P.Core.Client", "..\..\Core\Release\P.Core.Client\P.Core.Client.csproj", "{F5AF57ED-C43B-4030-B010-788F167FCE5B}"
EndProject
Project("{FAE04EC0-301F-11D3-BF4B-00C04F79EFBC}") = "P.Core.Common", "..\..\Core\Release\P.Core.Common\P.Core.Common.csproj", "{C8826A2A-C0B5-4FF0-8A81-0C0CD4335EC1}"
EndProject
Project("{FAE04EC0-301F-11D3-BF4B-00C04F79EFBC}") = "P.Core.Common.Contracts", "..\..\Core\Release\P.Core.Common.Contracts\P.Core.Common.Contracts.csproj", "{B45A1E02-DDCF-414B-868B-60A3A47D358B}"
EndProject
Project("{FAE04EC0-301F-11D3-BF4B-00C04F79EFBC}") = "P.Core.Common.ServiceModel", "..\..\Core\Release\P.Core.Common.ServiceModel\P.Core.Common.ServiceModel.csproj", "{253CEC7A-0521-442B-95C8-321C6C3B6172}"
EndProject
Project("{2150E333-8FDC-42A3-9474-1A3956D46DE8}") = ".nuget", ".nuget", "{ED0890A8-61A1-496A-9C6C-8C4D0F90DABA}"
	ProjectSection(SolutionItems) = preProject
		.nuget\NuGet.Config = .nuget\NuGet.Config
		.nuget\NuGet.exe = .nuget\NuGet.exe
		.nuget\NuGet.targets = .nuget\NuGet.targets
	EndProjectSection
EndProject
Project("{FAE04EC0-301F-11D3-BF4B-00C04F79EFBC}") = "MarketMiner.Web.Mvc", "MarketMiner.Web.Mvc\MarketMiner.Web.Mvc.csproj", "{36120B67-916B-4A98-B82F-BDC2142F6949}"
EndProject
Project("{FAE04EC0-301F-11D3-BF4B-00C04F79EFBC}") = "MarketMiner.Algorithm.OANDA.PriceGap01", "MarketMiner.Algorithm.OANDA.PriceGap01\MarketMiner.Algorithm.OANDA.PriceGap01.csproj", "{042461D2-E408-4FC8-A9FF-FD39D68E412F}"
EndProject
Project("{FAE04EC0-301F-11D3-BF4B-00C04F79EFBC}") = "N.Core.Common.Contracts", "..\..\Core\Release\N.Core.Common.Contracts\N.Core.Common.Contracts.csproj", "{C64C8171-8042-4210-89B2-B302A9D9CDED}"
EndProject
Project("{FAE04EC0-301F-11D3-BF4B-00C04F79EFBC}") = "MarketMiner.Algorithm.Tests", "MarketMiner.Algorithm.Tests\MarketMiner.Algorithm.Tests.csproj", "{D02DF12F-ABF0-4473-91E5-E74DF82187B1}"
EndProject
Project("{FAE04EC0-301F-11D3-BF4B-00C04F79EFBC}") = "MarketMiner.Api.Tests", "MarketMiner.Api.Tests\MarketMiner.Api.Tests.csproj", "{C68C6109-7DC1-4249-9071-6DF6E1EB2A44}"
EndProject
Project("{FAE04EC0-301F-11D3-BF4B-00C04F79EFBC}") = "MarketMiner.Client.Common", "MarketMiner.Client.Common\MarketMiner.Client.Common.csproj", "{0B311FEC-BBD5-4027-895C-6A7F645E12C4}"
EndProject
Global
	GlobalSection(SolutionConfigurationPlatforms) = preSolution
		Debug|Any CPU = Debug|Any CPU
		Debug|ARM = Debug|ARM
		Debug|x64 = Debug|x64
		Debug|x86 = Debug|x86
		Release|Any CPU = Release|Any CPU
		Release|ARM = Release|ARM
		Release|x64 = Release|x64
		Release|x86 = Release|x86
	EndGlobalSection
	GlobalSection(ProjectConfigurationPlatforms) = postSolution
		{110C07D3-3AF7-4129-B9C9-85D8263B641B}.Debug|Any CPU.ActiveCfg = Debug|Any CPU
		{110C07D3-3AF7-4129-B9C9-85D8263B641B}.Debug|Any CPU.Build.0 = Debug|Any CPU
		{110C07D3-3AF7-4129-B9C9-85D8263B641B}.Debug|ARM.ActiveCfg = Debug|Any CPU
		{110C07D3-3AF7-4129-B9C9-85D8263B641B}.Debug|x64.ActiveCfg = Debug|Any CPU
		{110C07D3-3AF7-4129-B9C9-85D8263B641B}.Debug|x86.ActiveCfg = Debug|Any CPU
		{110C07D3-3AF7-4129-B9C9-85D8263B641B}.Release|Any CPU.ActiveCfg = Release|Any CPU
		{110C07D3-3AF7-4129-B9C9-85D8263B641B}.Release|Any CPU.Build.0 = Release|Any CPU
		{110C07D3-3AF7-4129-B9C9-85D8263B641B}.Release|ARM.ActiveCfg = Release|Any CPU
		{110C07D3-3AF7-4129-B9C9-85D8263B641B}.Release|x64.ActiveCfg = Release|Any CPU
		{110C07D3-3AF7-4129-B9C9-85D8263B641B}.Release|x86.ActiveCfg = Release|Any CPU
		{0EF9A46A-6BC1-41D6-8E9F-FFBEB3487949}.Debug|Any CPU.ActiveCfg = Debug|Any CPU
		{0EF9A46A-6BC1-41D6-8E9F-FFBEB3487949}.Debug|Any CPU.Build.0 = Debug|Any CPU
		{0EF9A46A-6BC1-41D6-8E9F-FFBEB3487949}.Debug|ARM.ActiveCfg = Debug|Any CPU
		{0EF9A46A-6BC1-41D6-8E9F-FFBEB3487949}.Debug|x64.ActiveCfg = Debug|Any CPU
		{0EF9A46A-6BC1-41D6-8E9F-FFBEB3487949}.Debug|x86.ActiveCfg = Debug|Any CPU
		{0EF9A46A-6BC1-41D6-8E9F-FFBEB3487949}.Release|Any CPU.ActiveCfg = Release|Any CPU
		{0EF9A46A-6BC1-41D6-8E9F-FFBEB3487949}.Release|Any CPU.Build.0 = Release|Any CPU
		{0EF9A46A-6BC1-41D6-8E9F-FFBEB3487949}.Release|ARM.ActiveCfg = Release|Any CPU
		{0EF9A46A-6BC1-41D6-8E9F-FFBEB3487949}.Release|x64.ActiveCfg = Release|Any CPU
		{0EF9A46A-6BC1-41D6-8E9F-FFBEB3487949}.Release|x86.ActiveCfg = Release|Any CPU
		{3CEA67B1-C2F7-4F2F-A5CE-5FC528E91FD0}.Debug|Any CPU.ActiveCfg = Debug|Any CPU
		{3CEA67B1-C2F7-4F2F-A5CE-5FC528E91FD0}.Debug|Any CPU.Build.0 = Debug|Any CPU
		{3CEA67B1-C2F7-4F2F-A5CE-5FC528E91FD0}.Debug|Any CPU.Deploy.0 = Debug|Any CPU
		{3CEA67B1-C2F7-4F2F-A5CE-5FC528E91FD0}.Debug|ARM.ActiveCfg = Debug|ARM
		{3CEA67B1-C2F7-4F2F-A5CE-5FC528E91FD0}.Debug|ARM.Build.0 = Debug|ARM
		{3CEA67B1-C2F7-4F2F-A5CE-5FC528E91FD0}.Debug|ARM.Deploy.0 = Debug|ARM
		{3CEA67B1-C2F7-4F2F-A5CE-5FC528E91FD0}.Debug|x64.ActiveCfg = Debug|x64
		{3CEA67B1-C2F7-4F2F-A5CE-5FC528E91FD0}.Debug|x64.Build.0 = Debug|x64
		{3CEA67B1-C2F7-4F2F-A5CE-5FC528E91FD0}.Debug|x64.Deploy.0 = Debug|x64
		{3CEA67B1-C2F7-4F2F-A5CE-5FC528E91FD0}.Debug|x86.ActiveCfg = Debug|x86
		{3CEA67B1-C2F7-4F2F-A5CE-5FC528E91FD0}.Debug|x86.Build.0 = Debug|x86
		{3CEA67B1-C2F7-4F2F-A5CE-5FC528E91FD0}.Debug|x86.Deploy.0 = Debug|x86
		{3CEA67B1-C2F7-4F2F-A5CE-5FC528E91FD0}.Release|Any CPU.ActiveCfg = Release|Any CPU
		{3CEA67B1-C2F7-4F2F-A5CE-5FC528E91FD0}.Release|Any CPU.Build.0 = Release|Any CPU
		{3CEA67B1-C2F7-4F2F-A5CE-5FC528E91FD0}.Release|Any CPU.Deploy.0 = Release|Any CPU
		{3CEA67B1-C2F7-4F2F-A5CE-5FC528E91FD0}.Release|ARM.ActiveCfg = Release|ARM
		{3CEA67B1-C2F7-4F2F-A5CE-5FC528E91FD0}.Release|ARM.Build.0 = Release|ARM
		{3CEA67B1-C2F7-4F2F-A5CE-5FC528E91FD0}.Release|ARM.Deploy.0 = Release|ARM
		{3CEA67B1-C2F7-4F2F-A5CE-5FC528E91FD0}.Release|x64.ActiveCfg = Release|x64
		{3CEA67B1-C2F7-4F2F-A5CE-5FC528E91FD0}.Release|x64.Build.0 = Release|x64
		{3CEA67B1-C2F7-4F2F-A5CE-5FC528E91FD0}.Release|x64.Deploy.0 = Release|x64
		{3CEA67B1-C2F7-4F2F-A5CE-5FC528E91FD0}.Release|x86.ActiveCfg = Release|x86
		{3CEA67B1-C2F7-4F2F-A5CE-5FC528E91FD0}.Release|x86.Build.0 = Release|x86
		{3CEA67B1-C2F7-4F2F-A5CE-5FC528E91FD0}.Release|x86.Deploy.0 = Release|x86
		{220AA4D4-DDA8-4E39-8E0A-819AA4E8B56D}.Debug|Any CPU.ActiveCfg = Debug|Any CPU
		{220AA4D4-DDA8-4E39-8E0A-819AA4E8B56D}.Debug|Any CPU.Build.0 = Debug|Any CPU
		{220AA4D4-DDA8-4E39-8E0A-819AA4E8B56D}.Debug|ARM.ActiveCfg = Debug|Any CPU
		{220AA4D4-DDA8-4E39-8E0A-819AA4E8B56D}.Debug|x64.ActiveCfg = Debug|Any CPU
		{220AA4D4-DDA8-4E39-8E0A-819AA4E8B56D}.Debug|x86.ActiveCfg = Debug|Any CPU
		{220AA4D4-DDA8-4E39-8E0A-819AA4E8B56D}.Release|Any CPU.ActiveCfg = Release|Any CPU
		{220AA4D4-DDA8-4E39-8E0A-819AA4E8B56D}.Release|Any CPU.Build.0 = Release|Any CPU
		{220AA4D4-DDA8-4E39-8E0A-819AA4E8B56D}.Release|ARM.ActiveCfg = Release|Any CPU
		{220AA4D4-DDA8-4E39-8E0A-819AA4E8B56D}.Release|x64.ActiveCfg = Release|Any CPU
		{220AA4D4-DDA8-4E39-8E0A-819AA4E8B56D}.Release|x86.ActiveCfg = Release|Any CPU
		{EAEC95A7-8162-4B43-A0EA-82F5C486F2FE}.Debug|Any CPU.ActiveCfg = Debug|Any CPU
		{EAEC95A7-8162-4B43-A0EA-82F5C486F2FE}.Debug|Any CPU.Build.0 = Debug|Any CPU
		{EAEC95A7-8162-4B43-A0EA-82F5C486F2FE}.Debug|ARM.ActiveCfg = Debug|Any CPU
		{EAEC95A7-8162-4B43-A0EA-82F5C486F2FE}.Debug|x64.ActiveCfg = Debug|Any CPU
		{EAEC95A7-8162-4B43-A0EA-82F5C486F2FE}.Debug|x86.ActiveCfg = Debug|Any CPU
		{EAEC95A7-8162-4B43-A0EA-82F5C486F2FE}.Release|Any CPU.ActiveCfg = Release|Any CPU
		{EAEC95A7-8162-4B43-A0EA-82F5C486F2FE}.Release|Any CPU.Build.0 = Release|Any CPU
		{EAEC95A7-8162-4B43-A0EA-82F5C486F2FE}.Release|ARM.ActiveCfg = Release|Any CPU
		{EAEC95A7-8162-4B43-A0EA-82F5C486F2FE}.Release|x64.ActiveCfg = Release|Any CPU
		{EAEC95A7-8162-4B43-A0EA-82F5C486F2FE}.Release|x86.ActiveCfg = Release|Any CPU
		{8F11AB7B-F43A-4873-A547-27A0F8DE57F9}.Debug|Any CPU.ActiveCfg = Debug|Any CPU
		{8F11AB7B-F43A-4873-A547-27A0F8DE57F9}.Debug|Any CPU.Build.0 = Debug|Any CPU
		{8F11AB7B-F43A-4873-A547-27A0F8DE57F9}.Debug|ARM.ActiveCfg = Debug|Any CPU
		{8F11AB7B-F43A-4873-A547-27A0F8DE57F9}.Debug|x64.ActiveCfg = Debug|Any CPU
		{8F11AB7B-F43A-4873-A547-27A0F8DE57F9}.Debug|x86.ActiveCfg = Debug|Any CPU
		{8F11AB7B-F43A-4873-A547-27A0F8DE57F9}.Release|Any CPU.ActiveCfg = Release|Any CPU
		{8F11AB7B-F43A-4873-A547-27A0F8DE57F9}.Release|Any CPU.Build.0 = Release|Any CPU
		{8F11AB7B-F43A-4873-A547-27A0F8DE57F9}.Release|ARM.ActiveCfg = Release|Any CPU
		{8F11AB7B-F43A-4873-A547-27A0F8DE57F9}.Release|x64.ActiveCfg = Release|Any CPU
		{8F11AB7B-F43A-4873-A547-27A0F8DE57F9}.Release|x86.ActiveCfg = Release|Any CPU
		{01F10C6A-2C92-42A7-A637-1464B60A6C3B}.Debug|Any CPU.ActiveCfg = Debug|Any CPU
		{01F10C6A-2C92-42A7-A637-1464B60A6C3B}.Debug|Any CPU.Build.0 = Debug|Any CPU
		{01F10C6A-2C92-42A7-A637-1464B60A6C3B}.Debug|ARM.ActiveCfg = Debug|Any CPU
		{01F10C6A-2C92-42A7-A637-1464B60A6C3B}.Debug|x64.ActiveCfg = Debug|Any CPU
		{01F10C6A-2C92-42A7-A637-1464B60A6C3B}.Debug|x86.ActiveCfg = Debug|Any CPU
		{01F10C6A-2C92-42A7-A637-1464B60A6C3B}.Release|Any CPU.ActiveCfg = Release|Any CPU
		{01F10C6A-2C92-42A7-A637-1464B60A6C3B}.Release|Any CPU.Build.0 = Release|Any CPU
		{01F10C6A-2C92-42A7-A637-1464B60A6C3B}.Release|ARM.ActiveCfg = Release|Any CPU
		{01F10C6A-2C92-42A7-A637-1464B60A6C3B}.Release|x64.ActiveCfg = Release|Any CPU
		{01F10C6A-2C92-42A7-A637-1464B60A6C3B}.Release|x86.ActiveCfg = Release|Any CPU
		{D5985055-9ECC-4155-86D8-AE2F68B5EC92}.Debug|Any CPU.ActiveCfg = Debug|Any CPU
		{D5985055-9ECC-4155-86D8-AE2F68B5EC92}.Debug|Any CPU.Build.0 = Debug|Any CPU
		{D5985055-9ECC-4155-86D8-AE2F68B5EC92}.Debug|ARM.ActiveCfg = Debug|Any CPU
		{D5985055-9ECC-4155-86D8-AE2F68B5EC92}.Debug|x64.ActiveCfg = Debug|Any CPU
		{D5985055-9ECC-4155-86D8-AE2F68B5EC92}.Debug|x86.ActiveCfg = Debug|Any CPU
		{D5985055-9ECC-4155-86D8-AE2F68B5EC92}.Release|Any CPU.ActiveCfg = Release|Any CPU
		{D5985055-9ECC-4155-86D8-AE2F68B5EC92}.Release|Any CPU.Build.0 = Release|Any CPU
		{D5985055-9ECC-4155-86D8-AE2F68B5EC92}.Release|ARM.ActiveCfg = Release|Any CPU
		{D5985055-9ECC-4155-86D8-AE2F68B5EC92}.Release|x64.ActiveCfg = Release|Any CPU
		{D5985055-9ECC-4155-86D8-AE2F68B5EC92}.Release|x86.ActiveCfg = Release|Any CPU
		{29F3757D-94FB-4690-9F2A-C4B3979F79BC}.Debug|Any CPU.ActiveCfg = Debug|Any CPU
		{29F3757D-94FB-4690-9F2A-C4B3979F79BC}.Debug|Any CPU.Build.0 = Debug|Any CPU
		{29F3757D-94FB-4690-9F2A-C4B3979F79BC}.Debug|ARM.ActiveCfg = Debug|Any CPU
		{29F3757D-94FB-4690-9F2A-C4B3979F79BC}.Debug|x64.ActiveCfg = Debug|Any CPU
		{29F3757D-94FB-4690-9F2A-C4B3979F79BC}.Debug|x86.ActiveCfg = Debug|Any CPU
		{29F3757D-94FB-4690-9F2A-C4B3979F79BC}.Release|Any CPU.ActiveCfg = Release|Any CPU
		{29F3757D-94FB-4690-9F2A-C4B3979F79BC}.Release|Any CPU.Build.0 = Release|Any CPU
		{29F3757D-94FB-4690-9F2A-C4B3979F79BC}.Release|ARM.ActiveCfg = Release|Any CPU
		{29F3757D-94FB-4690-9F2A-C4B3979F79BC}.Release|x64.ActiveCfg = Release|Any CPU
		{29F3757D-94FB-4690-9F2A-C4B3979F79BC}.Release|x86.ActiveCfg = Release|Any CPU
		{64356520-F6B3-48EC-A304-C96EE1336FFD}.Debug|Any CPU.ActiveCfg = Debug|Any CPU
		{64356520-F6B3-48EC-A304-C96EE1336FFD}.Debug|Any CPU.Build.0 = Debug|Any CPU
		{64356520-F6B3-48EC-A304-C96EE1336FFD}.Debug|ARM.ActiveCfg = Debug|Any CPU
		{64356520-F6B3-48EC-A304-C96EE1336FFD}.Debug|x64.ActiveCfg = Debug|Any CPU
		{64356520-F6B3-48EC-A304-C96EE1336FFD}.Debug|x86.ActiveCfg = Debug|Any CPU
		{64356520-F6B3-48EC-A304-C96EE1336FFD}.Release|Any CPU.ActiveCfg = Release|Any CPU
		{64356520-F6B3-48EC-A304-C96EE1336FFD}.Release|Any CPU.Build.0 = Release|Any CPU
		{64356520-F6B3-48EC-A304-C96EE1336FFD}.Release|ARM.ActiveCfg = Release|Any CPU
		{64356520-F6B3-48EC-A304-C96EE1336FFD}.Release|x64.ActiveCfg = Release|Any CPU
		{64356520-F6B3-48EC-A304-C96EE1336FFD}.Release|x86.ActiveCfg = Release|Any CPU
		{CF0CD47D-E2B0-4A02-9EA2-829E45C0D1D8}.Debug|Any CPU.ActiveCfg = Debug|Any CPU
		{CF0CD47D-E2B0-4A02-9EA2-829E45C0D1D8}.Debug|Any CPU.Build.0 = Debug|Any CPU
		{CF0CD47D-E2B0-4A02-9EA2-829E45C0D1D8}.Debug|ARM.ActiveCfg = Debug|Any CPU
		{CF0CD47D-E2B0-4A02-9EA2-829E45C0D1D8}.Debug|x64.ActiveCfg = Debug|Any CPU
		{CF0CD47D-E2B0-4A02-9EA2-829E45C0D1D8}.Debug|x86.ActiveCfg = Debug|Any CPU
		{CF0CD47D-E2B0-4A02-9EA2-829E45C0D1D8}.Release|Any CPU.ActiveCfg = Release|Any CPU
		{CF0CD47D-E2B0-4A02-9EA2-829E45C0D1D8}.Release|Any CPU.Build.0 = Release|Any CPU
		{CF0CD47D-E2B0-4A02-9EA2-829E45C0D1D8}.Release|ARM.ActiveCfg = Release|Any CPU
		{CF0CD47D-E2B0-4A02-9EA2-829E45C0D1D8}.Release|x64.ActiveCfg = Release|Any CPU
		{CF0CD47D-E2B0-4A02-9EA2-829E45C0D1D8}.Release|x86.ActiveCfg = Release|Any CPU
		{E43F67A1-EF9F-406A-8639-9E9FBB9B12DA}.Debug|Any CPU.ActiveCfg = Debug|Any CPU
		{E43F67A1-EF9F-406A-8639-9E9FBB9B12DA}.Debug|Any CPU.Build.0 = Debug|Any CPU
		{E43F67A1-EF9F-406A-8639-9E9FBB9B12DA}.Debug|ARM.ActiveCfg = Debug|Any CPU
		{E43F67A1-EF9F-406A-8639-9E9FBB9B12DA}.Debug|x64.ActiveCfg = Debug|Any CPU
		{E43F67A1-EF9F-406A-8639-9E9FBB9B12DA}.Debug|x86.ActiveCfg = Debug|Any CPU
		{E43F67A1-EF9F-406A-8639-9E9FBB9B12DA}.Release|Any CPU.ActiveCfg = Release|Any CPU
		{E43F67A1-EF9F-406A-8639-9E9FBB9B12DA}.Release|Any CPU.Build.0 = Release|Any CPU
		{E43F67A1-EF9F-406A-8639-9E9FBB9B12DA}.Release|ARM.ActiveCfg = Release|Any CPU
		{E43F67A1-EF9F-406A-8639-9E9FBB9B12DA}.Release|x64.ActiveCfg = Release|Any CPU
		{E43F67A1-EF9F-406A-8639-9E9FBB9B12DA}.Release|x86.ActiveCfg = Release|Any CPU
		{222D1C95-C49D-45F7-B7B1-F62C06951A97}.Debug|Any CPU.ActiveCfg = Debug|Any CPU
		{222D1C95-C49D-45F7-B7B1-F62C06951A97}.Debug|Any CPU.Build.0 = Debug|Any CPU
		{222D1C95-C49D-45F7-B7B1-F62C06951A97}.Debug|ARM.ActiveCfg = Debug|Any CPU
		{222D1C95-C49D-45F7-B7B1-F62C06951A97}.Debug|x64.ActiveCfg = Debug|Any CPU
		{222D1C95-C49D-45F7-B7B1-F62C06951A97}.Debug|x86.ActiveCfg = Debug|Any CPU
		{222D1C95-C49D-45F7-B7B1-F62C06951A97}.Release|Any CPU.ActiveCfg = Release|Any CPU
		{222D1C95-C49D-45F7-B7B1-F62C06951A97}.Release|Any CPU.Build.0 = Release|Any CPU
		{222D1C95-C49D-45F7-B7B1-F62C06951A97}.Release|ARM.ActiveCfg = Release|Any CPU
		{222D1C95-C49D-45F7-B7B1-F62C06951A97}.Release|x64.ActiveCfg = Release|Any CPU
		{222D1C95-C49D-45F7-B7B1-F62C06951A97}.Release|x86.ActiveCfg = Release|Any CPU
		{37ED2396-BCE1-475F-BF36-9DD2E82A4653}.Debug|Any CPU.ActiveCfg = Debug|Any CPU
		{37ED2396-BCE1-475F-BF36-9DD2E82A4653}.Debug|Any CPU.Build.0 = Debug|Any CPU
		{37ED2396-BCE1-475F-BF36-9DD2E82A4653}.Debug|ARM.ActiveCfg = Debug|Any CPU
		{37ED2396-BCE1-475F-BF36-9DD2E82A4653}.Debug|x64.ActiveCfg = Debug|Any CPU
		{37ED2396-BCE1-475F-BF36-9DD2E82A4653}.Debug|x86.ActiveCfg = Debug|Any CPU
		{37ED2396-BCE1-475F-BF36-9DD2E82A4653}.Release|Any CPU.ActiveCfg = Release|Any CPU
		{37ED2396-BCE1-475F-BF36-9DD2E82A4653}.Release|Any CPU.Build.0 = Release|Any CPU
		{37ED2396-BCE1-475F-BF36-9DD2E82A4653}.Release|ARM.ActiveCfg = Release|Any CPU
		{37ED2396-BCE1-475F-BF36-9DD2E82A4653}.Release|x64.ActiveCfg = Release|Any CPU
		{37ED2396-BCE1-475F-BF36-9DD2E82A4653}.Release|x86.ActiveCfg = Release|Any CPU
		{5C8DC230-186F-4686-8BA9-90C2EDC3158B}.Debug|Any CPU.ActiveCfg = Debug|Any CPU
		{5C8DC230-186F-4686-8BA9-90C2EDC3158B}.Debug|Any CPU.Build.0 = Debug|Any CPU
		{5C8DC230-186F-4686-8BA9-90C2EDC3158B}.Debug|ARM.ActiveCfg = Debug|Any CPU
		{5C8DC230-186F-4686-8BA9-90C2EDC3158B}.Debug|x64.ActiveCfg = Debug|Any CPU
		{5C8DC230-186F-4686-8BA9-90C2EDC3158B}.Debug|x86.ActiveCfg = Debug|Any CPU
		{5C8DC230-186F-4686-8BA9-90C2EDC3158B}.Release|Any CPU.ActiveCfg = Release|Any CPU
		{5C8DC230-186F-4686-8BA9-90C2EDC3158B}.Release|Any CPU.Build.0 = Release|Any CPU
		{5C8DC230-186F-4686-8BA9-90C2EDC3158B}.Release|ARM.ActiveCfg = Release|Any CPU
		{5C8DC230-186F-4686-8BA9-90C2EDC3158B}.Release|x64.ActiveCfg = Release|Any CPU
		{5C8DC230-186F-4686-8BA9-90C2EDC3158B}.Release|x86.ActiveCfg = Release|Any CPU
		{F7571DD7-6F20-49D0-964B-16C11B750FB9}.Debug|Any CPU.ActiveCfg = Debug|Any CPU
		{F7571DD7-6F20-49D0-964B-16C11B750FB9}.Debug|Any CPU.Build.0 = Debug|Any CPU
		{F7571DD7-6F20-49D0-964B-16C11B750FB9}.Debug|ARM.ActiveCfg = Debug|Any CPU
		{F7571DD7-6F20-49D0-964B-16C11B750FB9}.Debug|x64.ActiveCfg = Debug|Any CPU
		{F7571DD7-6F20-49D0-964B-16C11B750FB9}.Debug|x86.ActiveCfg = Debug|Any CPU
		{F7571DD7-6F20-49D0-964B-16C11B750FB9}.Release|Any CPU.ActiveCfg = Release|Any CPU
		{F7571DD7-6F20-49D0-964B-16C11B750FB9}.Release|Any CPU.Build.0 = Release|Any CPU
		{F7571DD7-6F20-49D0-964B-16C11B750FB9}.Release|ARM.ActiveCfg = Release|Any CPU
		{F7571DD7-6F20-49D0-964B-16C11B750FB9}.Release|x64.ActiveCfg = Release|Any CPU
		{F7571DD7-6F20-49D0-964B-16C11B750FB9}.Release|x86.ActiveCfg = Release|Any CPU
		{A02DB3E7-9E3F-4398-882B-B8DDA9CDCB81}.Debug|Any CPU.ActiveCfg = Debug|Any CPU
		{A02DB3E7-9E3F-4398-882B-B8DDA9CDCB81}.Debug|Any CPU.Build.0 = Debug|Any CPU
		{A02DB3E7-9E3F-4398-882B-B8DDA9CDCB81}.Debug|ARM.ActiveCfg = Debug|Any CPU
		{A02DB3E7-9E3F-4398-882B-B8DDA9CDCB81}.Debug|x64.ActiveCfg = Debug|Any CPU
		{A02DB3E7-9E3F-4398-882B-B8DDA9CDCB81}.Debug|x86.ActiveCfg = Debug|Any CPU
		{A02DB3E7-9E3F-4398-882B-B8DDA9CDCB81}.Release|Any CPU.ActiveCfg = Release|Any CPU
		{A02DB3E7-9E3F-4398-882B-B8DDA9CDCB81}.Release|Any CPU.Build.0 = Release|Any CPU
		{A02DB3E7-9E3F-4398-882B-B8DDA9CDCB81}.Release|ARM.ActiveCfg = Release|Any CPU
		{A02DB3E7-9E3F-4398-882B-B8DDA9CDCB81}.Release|x64.ActiveCfg = Release|Any CPU
		{A02DB3E7-9E3F-4398-882B-B8DDA9CDCB81}.Release|x86.ActiveCfg = Release|Any CPU
		{736DC257-4FB2-44A8-8458-48F4FBCE3069}.Debug|Any CPU.ActiveCfg = Debug|Any CPU
		{736DC257-4FB2-44A8-8458-48F4FBCE3069}.Debug|Any CPU.Build.0 = Debug|Any CPU
		{736DC257-4FB2-44A8-8458-48F4FBCE3069}.Debug|ARM.ActiveCfg = Debug|Any CPU
		{736DC257-4FB2-44A8-8458-48F4FBCE3069}.Debug|x64.ActiveCfg = Debug|Any CPU
		{736DC257-4FB2-44A8-8458-48F4FBCE3069}.Debug|x86.ActiveCfg = Debug|Any CPU
		{736DC257-4FB2-44A8-8458-48F4FBCE3069}.Release|Any CPU.ActiveCfg = Release|Any CPU
		{736DC257-4FB2-44A8-8458-48F4FBCE3069}.Release|Any CPU.Build.0 = Release|Any CPU
		{736DC257-4FB2-44A8-8458-48F4FBCE3069}.Release|ARM.ActiveCfg = Release|Any CPU
		{736DC257-4FB2-44A8-8458-48F4FBCE3069}.Release|x64.ActiveCfg = Release|Any CPU
		{736DC257-4FB2-44A8-8458-48F4FBCE3069}.Release|x86.ActiveCfg = Release|Any CPU
		{F6AC1FAB-762F-4659-8E6D-78C543941805}.Debug|Any CPU.ActiveCfg = Debug|Any CPU
		{F6AC1FAB-762F-4659-8E6D-78C543941805}.Debug|Any CPU.Build.0 = Debug|Any CPU
		{F6AC1FAB-762F-4659-8E6D-78C543941805}.Debug|ARM.ActiveCfg = Debug|Any CPU
		{F6AC1FAB-762F-4659-8E6D-78C543941805}.Debug|x64.ActiveCfg = Debug|Any CPU
		{F6AC1FAB-762F-4659-8E6D-78C543941805}.Debug|x86.ActiveCfg = Debug|Any CPU
		{F6AC1FAB-762F-4659-8E6D-78C543941805}.Release|Any CPU.ActiveCfg = Release|Any CPU
		{F6AC1FAB-762F-4659-8E6D-78C543941805}.Release|Any CPU.Build.0 = Release|Any CPU
		{F6AC1FAB-762F-4659-8E6D-78C543941805}.Release|ARM.ActiveCfg = Release|Any CPU
		{F6AC1FAB-762F-4659-8E6D-78C543941805}.Release|x64.ActiveCfg = Release|Any CPU
		{F6AC1FAB-762F-4659-8E6D-78C543941805}.Release|x86.ActiveCfg = Release|Any CPU
		{8C25C859-832D-4F15-A512-C59684C6C523}.Debug|Any CPU.ActiveCfg = Debug|Any CPU
		{8C25C859-832D-4F15-A512-C59684C6C523}.Debug|Any CPU.Build.0 = Debug|Any CPU
		{8C25C859-832D-4F15-A512-C59684C6C523}.Debug|ARM.ActiveCfg = Debug|Any CPU
		{8C25C859-832D-4F15-A512-C59684C6C523}.Debug|x64.ActiveCfg = Debug|Any CPU
		{8C25C859-832D-4F15-A512-C59684C6C523}.Debug|x86.ActiveCfg = Debug|Any CPU
		{8C25C859-832D-4F15-A512-C59684C6C523}.Release|Any CPU.ActiveCfg = Release|Any CPU
		{8C25C859-832D-4F15-A512-C59684C6C523}.Release|Any CPU.Build.0 = Release|Any CPU
		{8C25C859-832D-4F15-A512-C59684C6C523}.Release|ARM.ActiveCfg = Release|Any CPU
		{8C25C859-832D-4F15-A512-C59684C6C523}.Release|x64.ActiveCfg = Release|Any CPU
		{8C25C859-832D-4F15-A512-C59684C6C523}.Release|x86.ActiveCfg = Release|Any CPU
		{4558F659-21ED-4391-A106-20AB629C443C}.Debug|Any CPU.ActiveCfg = Debug|Any CPU
		{4558F659-21ED-4391-A106-20AB629C443C}.Debug|Any CPU.Build.0 = Debug|Any CPU
		{4558F659-21ED-4391-A106-20AB629C443C}.Debug|ARM.ActiveCfg = Debug|Any CPU
		{4558F659-21ED-4391-A106-20AB629C443C}.Debug|x64.ActiveCfg = Debug|Any CPU
		{4558F659-21ED-4391-A106-20AB629C443C}.Debug|x86.ActiveCfg = Debug|Any CPU
		{4558F659-21ED-4391-A106-20AB629C443C}.Release|Any CPU.ActiveCfg = Release|Any CPU
		{4558F659-21ED-4391-A106-20AB629C443C}.Release|Any CPU.Build.0 = Release|Any CPU
		{4558F659-21ED-4391-A106-20AB629C443C}.Release|ARM.ActiveCfg = Release|Any CPU
		{4558F659-21ED-4391-A106-20AB629C443C}.Release|x64.ActiveCfg = Release|Any CPU
		{4558F659-21ED-4391-A106-20AB629C443C}.Release|x86.ActiveCfg = Release|Any CPU
		{024B1D67-DEA8-48BE-A223-809EFD024704}.Debug|Any CPU.ActiveCfg = Debug|Any CPU
		{024B1D67-DEA8-48BE-A223-809EFD024704}.Debug|Any CPU.Build.0 = Debug|Any CPU
		{024B1D67-DEA8-48BE-A223-809EFD024704}.Debug|ARM.ActiveCfg = Debug|Any CPU
		{024B1D67-DEA8-48BE-A223-809EFD024704}.Debug|x64.ActiveCfg = Debug|Any CPU
		{024B1D67-DEA8-48BE-A223-809EFD024704}.Debug|x86.ActiveCfg = Debug|Any CPU
		{024B1D67-DEA8-48BE-A223-809EFD024704}.Release|Any CPU.ActiveCfg = Release|Any CPU
		{024B1D67-DEA8-48BE-A223-809EFD024704}.Release|Any CPU.Build.0 = Release|Any CPU
		{024B1D67-DEA8-48BE-A223-809EFD024704}.Release|ARM.ActiveCfg = Release|Any CPU
		{024B1D67-DEA8-48BE-A223-809EFD024704}.Release|x64.ActiveCfg = Release|Any CPU
		{024B1D67-DEA8-48BE-A223-809EFD024704}.Release|x86.ActiveCfg = Release|Any CPU
		{0B0CE9BD-8241-4E3E-A035-BABB5BAEE4DC}.Debug|Any CPU.ActiveCfg = Debug|Any CPU
		{0B0CE9BD-8241-4E3E-A035-BABB5BAEE4DC}.Debug|Any CPU.Build.0 = Debug|Any CPU
		{0B0CE9BD-8241-4E3E-A035-BABB5BAEE4DC}.Debug|ARM.ActiveCfg = Debug|Any CPU
		{0B0CE9BD-8241-4E3E-A035-BABB5BAEE4DC}.Debug|x64.ActiveCfg = Debug|Any CPU
		{0B0CE9BD-8241-4E3E-A035-BABB5BAEE4DC}.Debug|x86.ActiveCfg = Debug|Any CPU
		{0B0CE9BD-8241-4E3E-A035-BABB5BAEE4DC}.Release|Any CPU.ActiveCfg = Release|Any CPU
		{0B0CE9BD-8241-4E3E-A035-BABB5BAEE4DC}.Release|Any CPU.Build.0 = Release|Any CPU
		{0B0CE9BD-8241-4E3E-A035-BABB5BAEE4DC}.Release|ARM.ActiveCfg = Release|Any CPU
		{0B0CE9BD-8241-4E3E-A035-BABB5BAEE4DC}.Release|x64.ActiveCfg = Release|Any CPU
		{0B0CE9BD-8241-4E3E-A035-BABB5BAEE4DC}.Release|x86.ActiveCfg = Release|Any CPU
		{9177BB31-B035-4726-8486-8AD211F4E107}.Debug|Any CPU.ActiveCfg = Debug|Any CPU
		{9177BB31-B035-4726-8486-8AD211F4E107}.Debug|Any CPU.Build.0 = Debug|Any CPU
		{9177BB31-B035-4726-8486-8AD211F4E107}.Debug|ARM.ActiveCfg = Debug|Any CPU
		{9177BB31-B035-4726-8486-8AD211F4E107}.Debug|x64.ActiveCfg = Debug|Any CPU
		{9177BB31-B035-4726-8486-8AD211F4E107}.Debug|x86.ActiveCfg = Debug|Any CPU
		{9177BB31-B035-4726-8486-8AD211F4E107}.Release|Any CPU.ActiveCfg = Release|Any CPU
		{9177BB31-B035-4726-8486-8AD211F4E107}.Release|Any CPU.Build.0 = Release|Any CPU
		{9177BB31-B035-4726-8486-8AD211F4E107}.Release|ARM.ActiveCfg = Release|Any CPU
		{9177BB31-B035-4726-8486-8AD211F4E107}.Release|x64.ActiveCfg = Release|Any CPU
		{9177BB31-B035-4726-8486-8AD211F4E107}.Release|x86.ActiveCfg = Release|Any CPU
		{91EEC12A-8169-40FD-AFF3-B204C6176D70}.Debug|Any CPU.ActiveCfg = Debug|Any CPU
		{91EEC12A-8169-40FD-AFF3-B204C6176D70}.Debug|Any CPU.Build.0 = Debug|Any CPU
		{91EEC12A-8169-40FD-AFF3-B204C6176D70}.Debug|ARM.ActiveCfg = Debug|Any CPU
		{91EEC12A-8169-40FD-AFF3-B204C6176D70}.Debug|x64.ActiveCfg = Debug|Any CPU
		{91EEC12A-8169-40FD-AFF3-B204C6176D70}.Debug|x86.ActiveCfg = Debug|Any CPU
		{91EEC12A-8169-40FD-AFF3-B204C6176D70}.Release|Any CPU.ActiveCfg = Release|Any CPU
		{91EEC12A-8169-40FD-AFF3-B204C6176D70}.Release|Any CPU.Build.0 = Release|Any CPU
		{91EEC12A-8169-40FD-AFF3-B204C6176D70}.Release|ARM.ActiveCfg = Release|Any CPU
		{91EEC12A-8169-40FD-AFF3-B204C6176D70}.Release|x64.ActiveCfg = Release|Any CPU
		{91EEC12A-8169-40FD-AFF3-B204C6176D70}.Release|x86.ActiveCfg = Release|Any CPU
		{E6101B43-5D4D-498F-A3BC-C49B87214BED}.Debug|Any CPU.ActiveCfg = Debug|Any CPU
		{E6101B43-5D4D-498F-A3BC-C49B87214BED}.Debug|Any CPU.Build.0 = Debug|Any CPU
		{E6101B43-5D4D-498F-A3BC-C49B87214BED}.Debug|ARM.ActiveCfg = Debug|Any CPU
		{E6101B43-5D4D-498F-A3BC-C49B87214BED}.Debug|x64.ActiveCfg = Debug|Any CPU
		{E6101B43-5D4D-498F-A3BC-C49B87214BED}.Debug|x86.ActiveCfg = Debug|Any CPU
		{E6101B43-5D4D-498F-A3BC-C49B87214BED}.Release|Any CPU.ActiveCfg = Release|Any CPU
		{E6101B43-5D4D-498F-A3BC-C49B87214BED}.Release|Any CPU.Build.0 = Release|Any CPU
		{E6101B43-5D4D-498F-A3BC-C49B87214BED}.Release|ARM.ActiveCfg = Release|Any CPU
		{E6101B43-5D4D-498F-A3BC-C49B87214BED}.Release|x64.ActiveCfg = Release|Any CPU
		{E6101B43-5D4D-498F-A3BC-C49B87214BED}.Release|x86.ActiveCfg = Release|Any CPU
		{DCFD8AE5-0BF0-415E-80A1-F26DADFBA654}.Debug|Any CPU.ActiveCfg = Debug|Any CPU
		{DCFD8AE5-0BF0-415E-80A1-F26DADFBA654}.Debug|Any CPU.Build.0 = Debug|Any CPU
		{DCFD8AE5-0BF0-415E-80A1-F26DADFBA654}.Debug|ARM.ActiveCfg = Debug|Any CPU
		{DCFD8AE5-0BF0-415E-80A1-F26DADFBA654}.Debug|x64.ActiveCfg = Debug|Any CPU
		{DCFD8AE5-0BF0-415E-80A1-F26DADFBA654}.Debug|x86.ActiveCfg = Debug|Any CPU
		{DCFD8AE5-0BF0-415E-80A1-F26DADFBA654}.Release|Any CPU.ActiveCfg = Release|Any CPU
		{DCFD8AE5-0BF0-415E-80A1-F26DADFBA654}.Release|Any CPU.Build.0 = Release|Any CPU
		{DCFD8AE5-0BF0-415E-80A1-F26DADFBA654}.Release|ARM.ActiveCfg = Release|Any CPU
		{DCFD8AE5-0BF0-415E-80A1-F26DADFBA654}.Release|x64.ActiveCfg = Release|Any CPU
		{DCFD8AE5-0BF0-415E-80A1-F26DADFBA654}.Release|x86.ActiveCfg = Release|Any CPU
		{DA1FE3B3-8149-42B7-A39A-F8A1028D2A4D}.Debug|Any CPU.ActiveCfg = Debug|Any CPU
		{DA1FE3B3-8149-42B7-A39A-F8A1028D2A4D}.Debug|Any CPU.Build.0 = Debug|Any CPU
		{DA1FE3B3-8149-42B7-A39A-F8A1028D2A4D}.Debug|ARM.ActiveCfg = Debug|Any CPU
		{DA1FE3B3-8149-42B7-A39A-F8A1028D2A4D}.Debug|x64.ActiveCfg = Debug|Any CPU
		{DA1FE3B3-8149-42B7-A39A-F8A1028D2A4D}.Debug|x86.ActiveCfg = Debug|Any CPU
		{DA1FE3B3-8149-42B7-A39A-F8A1028D2A4D}.Release|Any CPU.ActiveCfg = Release|Any CPU
		{DA1FE3B3-8149-42B7-A39A-F8A1028D2A4D}.Release|Any CPU.Build.0 = Release|Any CPU
		{DA1FE3B3-8149-42B7-A39A-F8A1028D2A4D}.Release|ARM.ActiveCfg = Release|Any CPU
		{DA1FE3B3-8149-42B7-A39A-F8A1028D2A4D}.Release|x64.ActiveCfg = Release|Any CPU
		{DA1FE3B3-8149-42B7-A39A-F8A1028D2A4D}.Release|x86.ActiveCfg = Release|Any CPU
		{643A41F5-7EF3-4048-97EF-83A5D4E61BC0}.Debug|Any CPU.ActiveCfg = Debug|Any CPU
		{643A41F5-7EF3-4048-97EF-83A5D4E61BC0}.Debug|Any CPU.Build.0 = Debug|Any CPU
		{643A41F5-7EF3-4048-97EF-83A5D4E61BC0}.Debug|ARM.ActiveCfg = Debug|Any CPU
		{643A41F5-7EF3-4048-97EF-83A5D4E61BC0}.Debug|x64.ActiveCfg = Debug|Any CPU
		{643A41F5-7EF3-4048-97EF-83A5D4E61BC0}.Debug|x86.ActiveCfg = Debug|Any CPU
		{643A41F5-7EF3-4048-97EF-83A5D4E61BC0}.Release|Any CPU.ActiveCfg = Release|Any CPU
		{643A41F5-7EF3-4048-97EF-83A5D4E61BC0}.Release|Any CPU.Build.0 = Release|Any CPU
		{643A41F5-7EF3-4048-97EF-83A5D4E61BC0}.Release|ARM.ActiveCfg = Release|Any CPU
		{643A41F5-7EF3-4048-97EF-83A5D4E61BC0}.Release|x64.ActiveCfg = Release|Any CPU
		{643A41F5-7EF3-4048-97EF-83A5D4E61BC0}.Release|x86.ActiveCfg = Release|Any CPU
		{F416E99D-5C7B-40FF-A0E9-BB3817C6C1A4}.Debug|Any CPU.ActiveCfg = Debug|Any CPU
		{F416E99D-5C7B-40FF-A0E9-BB3817C6C1A4}.Debug|Any CPU.Build.0 = Debug|Any CPU
		{F416E99D-5C7B-40FF-A0E9-BB3817C6C1A4}.Debug|ARM.ActiveCfg = Debug|Any CPU
		{F416E99D-5C7B-40FF-A0E9-BB3817C6C1A4}.Debug|x64.ActiveCfg = Debug|Any CPU
		{F416E99D-5C7B-40FF-A0E9-BB3817C6C1A4}.Debug|x86.ActiveCfg = Debug|Any CPU
		{F416E99D-5C7B-40FF-A0E9-BB3817C6C1A4}.Release|Any CPU.ActiveCfg = Release|Any CPU
		{F416E99D-5C7B-40FF-A0E9-BB3817C6C1A4}.Release|Any CPU.Build.0 = Release|Any CPU
		{F416E99D-5C7B-40FF-A0E9-BB3817C6C1A4}.Release|ARM.ActiveCfg = Release|Any CPU
		{F416E99D-5C7B-40FF-A0E9-BB3817C6C1A4}.Release|x64.ActiveCfg = Release|Any CPU
		{F416E99D-5C7B-40FF-A0E9-BB3817C6C1A4}.Release|x86.ActiveCfg = Release|Any CPU
		{A59B2FDB-C1D3-4F36-ADBE-21284CB74D67}.Debug|Any CPU.ActiveCfg = Debug|Any CPU
		{A59B2FDB-C1D3-4F36-ADBE-21284CB74D67}.Debug|Any CPU.Build.0 = Debug|Any CPU
		{A59B2FDB-C1D3-4F36-ADBE-21284CB74D67}.Debug|ARM.ActiveCfg = Debug|Any CPU
		{A59B2FDB-C1D3-4F36-ADBE-21284CB74D67}.Debug|x64.ActiveCfg = Debug|Any CPU
		{A59B2FDB-C1D3-4F36-ADBE-21284CB74D67}.Debug|x86.ActiveCfg = Debug|Any CPU
		{A59B2FDB-C1D3-4F36-ADBE-21284CB74D67}.Release|Any CPU.ActiveCfg = Release|Any CPU
		{A59B2FDB-C1D3-4F36-ADBE-21284CB74D67}.Release|Any CPU.Build.0 = Release|Any CPU
		{A59B2FDB-C1D3-4F36-ADBE-21284CB74D67}.Release|ARM.ActiveCfg = Release|Any CPU
		{A59B2FDB-C1D3-4F36-ADBE-21284CB74D67}.Release|x64.ActiveCfg = Release|Any CPU
		{A59B2FDB-C1D3-4F36-ADBE-21284CB74D67}.Release|x86.ActiveCfg = Release|Any CPU
		{F825AC44-D55B-4421-888E-CA8ABA065664}.Debug|Any CPU.ActiveCfg = Debug|Any CPU
		{F825AC44-D55B-4421-888E-CA8ABA065664}.Debug|Any CPU.Build.0 = Debug|Any CPU
		{F825AC44-D55B-4421-888E-CA8ABA065664}.Debug|ARM.ActiveCfg = Debug|Any CPU
		{F825AC44-D55B-4421-888E-CA8ABA065664}.Debug|x64.ActiveCfg = Debug|Any CPU
		{F825AC44-D55B-4421-888E-CA8ABA065664}.Debug|x86.ActiveCfg = Debug|Any CPU
		{F825AC44-D55B-4421-888E-CA8ABA065664}.Release|Any CPU.ActiveCfg = Release|Any CPU
		{F825AC44-D55B-4421-888E-CA8ABA065664}.Release|Any CPU.Build.0 = Release|Any CPU
		{F825AC44-D55B-4421-888E-CA8ABA065664}.Release|ARM.ActiveCfg = Release|Any CPU
		{F825AC44-D55B-4421-888E-CA8ABA065664}.Release|x64.ActiveCfg = Release|Any CPU
		{F825AC44-D55B-4421-888E-CA8ABA065664}.Release|x86.ActiveCfg = Release|Any CPU
		{0E0F35FE-0FD6-4D53-9A81-FF93F56E8675}.Debug|Any CPU.ActiveCfg = Debug|Any CPU
		{0E0F35FE-0FD6-4D53-9A81-FF93F56E8675}.Debug|Any CPU.Build.0 = Debug|Any CPU
		{0E0F35FE-0FD6-4D53-9A81-FF93F56E8675}.Debug|ARM.ActiveCfg = Debug|Any CPU
		{0E0F35FE-0FD6-4D53-9A81-FF93F56E8675}.Debug|x64.ActiveCfg = Debug|Any CPU
		{0E0F35FE-0FD6-4D53-9A81-FF93F56E8675}.Debug|x86.ActiveCfg = Debug|Any CPU
		{0E0F35FE-0FD6-4D53-9A81-FF93F56E8675}.Release|Any CPU.ActiveCfg = Release|Any CPU
		{0E0F35FE-0FD6-4D53-9A81-FF93F56E8675}.Release|Any CPU.Build.0 = Release|Any CPU
		{0E0F35FE-0FD6-4D53-9A81-FF93F56E8675}.Release|ARM.ActiveCfg = Release|Any CPU
		{0E0F35FE-0FD6-4D53-9A81-FF93F56E8675}.Release|x64.ActiveCfg = Release|Any CPU
		{0E0F35FE-0FD6-4D53-9A81-FF93F56E8675}.Release|x86.ActiveCfg = Release|Any CPU
		{94A819C4-A633-4BF2-8163-D9C8C134D334}.Debug|Any CPU.ActiveCfg = Debug|Any CPU
		{94A819C4-A633-4BF2-8163-D9C8C134D334}.Debug|Any CPU.Build.0 = Debug|Any CPU
		{94A819C4-A633-4BF2-8163-D9C8C134D334}.Debug|ARM.ActiveCfg = Debug|Any CPU
		{94A819C4-A633-4BF2-8163-D9C8C134D334}.Debug|x64.ActiveCfg = Debug|Any CPU
		{94A819C4-A633-4BF2-8163-D9C8C134D334}.Debug|x86.ActiveCfg = Debug|Any CPU
		{94A819C4-A633-4BF2-8163-D9C8C134D334}.Release|Any CPU.ActiveCfg = Release|Any CPU
		{94A819C4-A633-4BF2-8163-D9C8C134D334}.Release|Any CPU.Build.0 = Release|Any CPU
		{94A819C4-A633-4BF2-8163-D9C8C134D334}.Release|ARM.ActiveCfg = Release|Any CPU
		{94A819C4-A633-4BF2-8163-D9C8C134D334}.Release|x64.ActiveCfg = Release|Any CPU
		{94A819C4-A633-4BF2-8163-D9C8C134D334}.Release|x86.ActiveCfg = Release|Any CPU
		{946756BC-5AB2-4E07-A7BC-F7E460AA174A}.Debug|Any CPU.ActiveCfg = Debug|Any CPU
		{946756BC-5AB2-4E07-A7BC-F7E460AA174A}.Debug|Any CPU.Build.0 = Debug|Any CPU
		{946756BC-5AB2-4E07-A7BC-F7E460AA174A}.Debug|ARM.ActiveCfg = Debug|Any CPU
		{946756BC-5AB2-4E07-A7BC-F7E460AA174A}.Debug|x64.ActiveCfg = Debug|Any CPU
		{946756BC-5AB2-4E07-A7BC-F7E460AA174A}.Debug|x86.ActiveCfg = Debug|Any CPU
		{946756BC-5AB2-4E07-A7BC-F7E460AA174A}.Release|Any CPU.ActiveCfg = Release|Any CPU
		{946756BC-5AB2-4E07-A7BC-F7E460AA174A}.Release|Any CPU.Build.0 = Release|Any CPU
		{946756BC-5AB2-4E07-A7BC-F7E460AA174A}.Release|ARM.ActiveCfg = Release|Any CPU
		{946756BC-5AB2-4E07-A7BC-F7E460AA174A}.Release|x64.ActiveCfg = Release|Any CPU
		{946756BC-5AB2-4E07-A7BC-F7E460AA174A}.Release|x86.ActiveCfg = Release|Any CPU
		{FE309C6D-19B9-4D30-8B05-82EED92CC9AA}.Debug|Any CPU.ActiveCfg = Debug|Any CPU
		{FE309C6D-19B9-4D30-8B05-82EED92CC9AA}.Debug|Any CPU.Build.0 = Debug|Any CPU
		{FE309C6D-19B9-4D30-8B05-82EED92CC9AA}.Debug|ARM.ActiveCfg = Debug|Any CPU
		{FE309C6D-19B9-4D30-8B05-82EED92CC9AA}.Debug|x64.ActiveCfg = Debug|Any CPU
		{FE309C6D-19B9-4D30-8B05-82EED92CC9AA}.Debug|x86.ActiveCfg = Debug|Any CPU
		{FE309C6D-19B9-4D30-8B05-82EED92CC9AA}.Release|Any CPU.ActiveCfg = Release|Any CPU
		{FE309C6D-19B9-4D30-8B05-82EED92CC9AA}.Release|Any CPU.Build.0 = Release|Any CPU
		{FE309C6D-19B9-4D30-8B05-82EED92CC9AA}.Release|ARM.ActiveCfg = Release|Any CPU
		{FE309C6D-19B9-4D30-8B05-82EED92CC9AA}.Release|x64.ActiveCfg = Release|Any CPU
		{FE309C6D-19B9-4D30-8B05-82EED92CC9AA}.Release|x86.ActiveCfg = Release|Any CPU
		{C47D30A6-5330-49BC-8CDA-E7C38D87C869}.Debug|Any CPU.ActiveCfg = Debug|Any CPU
		{C47D30A6-5330-49BC-8CDA-E7C38D87C869}.Debug|Any CPU.Build.0 = Debug|Any CPU
		{C47D30A6-5330-49BC-8CDA-E7C38D87C869}.Debug|ARM.ActiveCfg = Debug|Any CPU
		{C47D30A6-5330-49BC-8CDA-E7C38D87C869}.Debug|x64.ActiveCfg = Debug|Any CPU
		{C47D30A6-5330-49BC-8CDA-E7C38D87C869}.Debug|x86.ActiveCfg = Debug|Any CPU
		{C47D30A6-5330-49BC-8CDA-E7C38D87C869}.Release|Any CPU.ActiveCfg = Release|Any CPU
		{C47D30A6-5330-49BC-8CDA-E7C38D87C869}.Release|Any CPU.Build.0 = Release|Any CPU
		{C47D30A6-5330-49BC-8CDA-E7C38D87C869}.Release|ARM.ActiveCfg = Release|Any CPU
		{C47D30A6-5330-49BC-8CDA-E7C38D87C869}.Release|x64.ActiveCfg = Release|Any CPU
		{C47D30A6-5330-49BC-8CDA-E7C38D87C869}.Release|x86.ActiveCfg = Release|Any CPU
		{C3B5E601-A381-488A-8B1B-2AFC3A299F50}.Debug|Any CPU.ActiveCfg = Debug|Any CPU
		{C3B5E601-A381-488A-8B1B-2AFC3A299F50}.Debug|Any CPU.Build.0 = Debug|Any CPU
		{C3B5E601-A381-488A-8B1B-2AFC3A299F50}.Debug|ARM.ActiveCfg = Debug|Any CPU
		{C3B5E601-A381-488A-8B1B-2AFC3A299F50}.Debug|x64.ActiveCfg = Debug|Any CPU
		{C3B5E601-A381-488A-8B1B-2AFC3A299F50}.Debug|x86.ActiveCfg = Debug|Any CPU
		{C3B5E601-A381-488A-8B1B-2AFC3A299F50}.Release|Any CPU.ActiveCfg = Release|Any CPU
		{C3B5E601-A381-488A-8B1B-2AFC3A299F50}.Release|Any CPU.Build.0 = Release|Any CPU
		{C3B5E601-A381-488A-8B1B-2AFC3A299F50}.Release|ARM.ActiveCfg = Release|Any CPU
		{C3B5E601-A381-488A-8B1B-2AFC3A299F50}.Release|x64.ActiveCfg = Release|Any CPU
		{C3B5E601-A381-488A-8B1B-2AFC3A299F50}.Release|x86.ActiveCfg = Release|Any CPU
		{EC5F7120-1D69-446E-9963-7B6A8B2C38A9}.Debug|Any CPU.ActiveCfg = Debug|Any CPU
		{EC5F7120-1D69-446E-9963-7B6A8B2C38A9}.Debug|Any CPU.Build.0 = Debug|Any CPU
		{EC5F7120-1D69-446E-9963-7B6A8B2C38A9}.Debug|ARM.ActiveCfg = Debug|Any CPU
		{EC5F7120-1D69-446E-9963-7B6A8B2C38A9}.Debug|x64.ActiveCfg = Debug|Any CPU
		{EC5F7120-1D69-446E-9963-7B6A8B2C38A9}.Debug|x86.ActiveCfg = Debug|Any CPU
		{EC5F7120-1D69-446E-9963-7B6A8B2C38A9}.Release|Any CPU.ActiveCfg = Release|Any CPU
		{EC5F7120-1D69-446E-9963-7B6A8B2C38A9}.Release|Any CPU.Build.0 = Release|Any CPU
		{EC5F7120-1D69-446E-9963-7B6A8B2C38A9}.Release|ARM.ActiveCfg = Release|Any CPU
		{EC5F7120-1D69-446E-9963-7B6A8B2C38A9}.Release|x64.ActiveCfg = Release|Any CPU
		{EC5F7120-1D69-446E-9963-7B6A8B2C38A9}.Release|x86.ActiveCfg = Release|Any CPU
		{5604998E-0EE7-4AFF-A999-DCC4B80148CB}.Debug|Any CPU.ActiveCfg = Debug|Any CPU
		{5604998E-0EE7-4AFF-A999-DCC4B80148CB}.Debug|Any CPU.Build.0 = Debug|Any CPU
		{5604998E-0EE7-4AFF-A999-DCC4B80148CB}.Debug|ARM.ActiveCfg = Debug|Any CPU
		{5604998E-0EE7-4AFF-A999-DCC4B80148CB}.Debug|x64.ActiveCfg = Debug|Any CPU
		{5604998E-0EE7-4AFF-A999-DCC4B80148CB}.Debug|x86.ActiveCfg = Debug|Any CPU
		{5604998E-0EE7-4AFF-A999-DCC4B80148CB}.Release|Any CPU.ActiveCfg = Release|Any CPU
		{5604998E-0EE7-4AFF-A999-DCC4B80148CB}.Release|Any CPU.Build.0 = Release|Any CPU
		{5604998E-0EE7-4AFF-A999-DCC4B80148CB}.Release|ARM.ActiveCfg = Release|Any CPU
		{5604998E-0EE7-4AFF-A999-DCC4B80148CB}.Release|x64.ActiveCfg = Release|Any CPU
		{5604998E-0EE7-4AFF-A999-DCC4B80148CB}.Release|x86.ActiveCfg = Release|Any CPU
		{BA278575-90B1-46F5-AAB6-5C16518A6D0A}.Debug|Any CPU.ActiveCfg = Debug|Any CPU
		{BA278575-90B1-46F5-AAB6-5C16518A6D0A}.Debug|Any CPU.Build.0 = Debug|Any CPU
		{BA278575-90B1-46F5-AAB6-5C16518A6D0A}.Debug|ARM.ActiveCfg = Debug|Any CPU
		{BA278575-90B1-46F5-AAB6-5C16518A6D0A}.Debug|x64.ActiveCfg = Debug|Any CPU
		{BA278575-90B1-46F5-AAB6-5C16518A6D0A}.Debug|x86.ActiveCfg = Debug|Any CPU
		{BA278575-90B1-46F5-AAB6-5C16518A6D0A}.Release|Any CPU.ActiveCfg = Release|Any CPU
		{BA278575-90B1-46F5-AAB6-5C16518A6D0A}.Release|Any CPU.Build.0 = Release|Any CPU
		{BA278575-90B1-46F5-AAB6-5C16518A6D0A}.Release|ARM.ActiveCfg = Release|Any CPU
		{BA278575-90B1-46F5-AAB6-5C16518A6D0A}.Release|x64.ActiveCfg = Release|Any CPU
		{BA278575-90B1-46F5-AAB6-5C16518A6D0A}.Release|x86.ActiveCfg = Release|Any CPU
		{27E67E32-1459-4C5F-B9D1-CB6F530238C0}.Debug|Any CPU.ActiveCfg = Debug|Any CPU
		{27E67E32-1459-4C5F-B9D1-CB6F530238C0}.Debug|Any CPU.Build.0 = Debug|Any CPU
		{27E67E32-1459-4C5F-B9D1-CB6F530238C0}.Debug|ARM.ActiveCfg = Debug|Any CPU
		{27E67E32-1459-4C5F-B9D1-CB6F530238C0}.Debug|x64.ActiveCfg = Debug|Any CPU
		{27E67E32-1459-4C5F-B9D1-CB6F530238C0}.Debug|x86.ActiveCfg = Debug|Any CPU
		{27E67E32-1459-4C5F-B9D1-CB6F530238C0}.Release|Any CPU.ActiveCfg = Release|Any CPU
		{27E67E32-1459-4C5F-B9D1-CB6F530238C0}.Release|Any CPU.Build.0 = Release|Any CPU
		{27E67E32-1459-4C5F-B9D1-CB6F530238C0}.Release|ARM.ActiveCfg = Release|Any CPU
		{27E67E32-1459-4C5F-B9D1-CB6F530238C0}.Release|x64.ActiveCfg = Release|Any CPU
		{27E67E32-1459-4C5F-B9D1-CB6F530238C0}.Release|x86.ActiveCfg = Release|Any CPU
		{6FF781E5-FE3A-4A34-8E43-AFCA7357C841}.Debug|Any CPU.ActiveCfg = Debug|Any CPU
		{6FF781E5-FE3A-4A34-8E43-AFCA7357C841}.Debug|Any CPU.Build.0 = Debug|Any CPU
		{6FF781E5-FE3A-4A34-8E43-AFCA7357C841}.Debug|ARM.ActiveCfg = Debug|Any CPU
		{6FF781E5-FE3A-4A34-8E43-AFCA7357C841}.Debug|x64.ActiveCfg = Debug|Any CPU
		{6FF781E5-FE3A-4A34-8E43-AFCA7357C841}.Debug|x86.ActiveCfg = Debug|Any CPU
		{6FF781E5-FE3A-4A34-8E43-AFCA7357C841}.Release|Any CPU.ActiveCfg = Release|Any CPU
		{6FF781E5-FE3A-4A34-8E43-AFCA7357C841}.Release|Any CPU.Build.0 = Release|Any CPU
		{6FF781E5-FE3A-4A34-8E43-AFCA7357C841}.Release|ARM.ActiveCfg = Release|Any CPU
		{6FF781E5-FE3A-4A34-8E43-AFCA7357C841}.Release|x64.ActiveCfg = Release|Any CPU
		{6FF781E5-FE3A-4A34-8E43-AFCA7357C841}.Release|x86.ActiveCfg = Release|Any CPU
		{769E9274-075C-403D-828D-8D4B3943580B}.Debug|Any CPU.ActiveCfg = Debug|Any CPU
		{769E9274-075C-403D-828D-8D4B3943580B}.Debug|Any CPU.Build.0 = Debug|Any CPU
		{769E9274-075C-403D-828D-8D4B3943580B}.Debug|ARM.ActiveCfg = Debug|Any CPU
		{769E9274-075C-403D-828D-8D4B3943580B}.Debug|x64.ActiveCfg = Debug|Any CPU
		{769E9274-075C-403D-828D-8D4B3943580B}.Debug|x86.ActiveCfg = Debug|Any CPU
		{769E9274-075C-403D-828D-8D4B3943580B}.Release|Any CPU.ActiveCfg = Release|Any CPU
		{769E9274-075C-403D-828D-8D4B3943580B}.Release|Any CPU.Build.0 = Release|Any CPU
		{769E9274-075C-403D-828D-8D4B3943580B}.Release|ARM.ActiveCfg = Release|Any CPU
		{769E9274-075C-403D-828D-8D4B3943580B}.Release|x64.ActiveCfg = Release|Any CPU
		{769E9274-075C-403D-828D-8D4B3943580B}.Release|x86.ActiveCfg = Release|Any CPU
		{E1F83CCC-3896-4598-B923-9F49F91169B3}.Debug|Any CPU.ActiveCfg = Debug|Any CPU
		{E1F83CCC-3896-4598-B923-9F49F91169B3}.Debug|Any CPU.Build.0 = Debug|Any CPU
		{E1F83CCC-3896-4598-B923-9F49F91169B3}.Debug|ARM.ActiveCfg = Debug|Any CPU
		{E1F83CCC-3896-4598-B923-9F49F91169B3}.Debug|x64.ActiveCfg = Debug|Any CPU
		{E1F83CCC-3896-4598-B923-9F49F91169B3}.Debug|x86.ActiveCfg = Debug|Any CPU
		{E1F83CCC-3896-4598-B923-9F49F91169B3}.Release|Any CPU.ActiveCfg = Release|Any CPU
		{E1F83CCC-3896-4598-B923-9F49F91169B3}.Release|Any CPU.Build.0 = Release|Any CPU
		{E1F83CCC-3896-4598-B923-9F49F91169B3}.Release|ARM.ActiveCfg = Release|Any CPU
		{E1F83CCC-3896-4598-B923-9F49F91169B3}.Release|x64.ActiveCfg = Release|Any CPU
		{E1F83CCC-3896-4598-B923-9F49F91169B3}.Release|x86.ActiveCfg = Release|Any CPU
		{0DB2FE4E-D39C-4768-9B52-6B02254C4EAC}.Debug|Any CPU.ActiveCfg = Debug|Any CPU
		{0DB2FE4E-D39C-4768-9B52-6B02254C4EAC}.Debug|Any CPU.Build.0 = Debug|Any CPU
		{0DB2FE4E-D39C-4768-9B52-6B02254C4EAC}.Debug|ARM.ActiveCfg = Debug|Any CPU
		{0DB2FE4E-D39C-4768-9B52-6B02254C4EAC}.Debug|x64.ActiveCfg = Debug|Any CPU
		{0DB2FE4E-D39C-4768-9B52-6B02254C4EAC}.Debug|x86.ActiveCfg = Debug|Any CPU
		{0DB2FE4E-D39C-4768-9B52-6B02254C4EAC}.Release|Any CPU.ActiveCfg = Release|Any CPU
		{0DB2FE4E-D39C-4768-9B52-6B02254C4EAC}.Release|Any CPU.Build.0 = Release|Any CPU
		{0DB2FE4E-D39C-4768-9B52-6B02254C4EAC}.Release|ARM.ActiveCfg = Release|Any CPU
		{0DB2FE4E-D39C-4768-9B52-6B02254C4EAC}.Release|x64.ActiveCfg = Release|Any CPU
		{0DB2FE4E-D39C-4768-9B52-6B02254C4EAC}.Release|x86.ActiveCfg = Release|Any CPU
		{F36DCDB4-F9D5-42F5-9F88-C0994056E525}.Debug|Any CPU.ActiveCfg = Debug|Any CPU
		{F36DCDB4-F9D5-42F5-9F88-C0994056E525}.Debug|Any CPU.Build.0 = Debug|Any CPU
		{F36DCDB4-F9D5-42F5-9F88-C0994056E525}.Debug|ARM.ActiveCfg = Debug|Any CPU
		{F36DCDB4-F9D5-42F5-9F88-C0994056E525}.Debug|x64.ActiveCfg = Debug|Any CPU
		{F36DCDB4-F9D5-42F5-9F88-C0994056E525}.Debug|x86.ActiveCfg = Debug|Any CPU
		{F36DCDB4-F9D5-42F5-9F88-C0994056E525}.Release|Any CPU.ActiveCfg = Release|Any CPU
		{F36DCDB4-F9D5-42F5-9F88-C0994056E525}.Release|Any CPU.Build.0 = Release|Any CPU
		{F36DCDB4-F9D5-42F5-9F88-C0994056E525}.Release|ARM.ActiveCfg = Release|Any CPU
		{F36DCDB4-F9D5-42F5-9F88-C0994056E525}.Release|x64.ActiveCfg = Release|Any CPU
		{F36DCDB4-F9D5-42F5-9F88-C0994056E525}.Release|x86.ActiveCfg = Release|Any CPU
		{63C5F965-36B9-4A25-AE5F-0B401FC9995A}.Debug|Any CPU.ActiveCfg = Debug|Any CPU
		{63C5F965-36B9-4A25-AE5F-0B401FC9995A}.Debug|Any CPU.Build.0 = Debug|Any CPU
		{63C5F965-36B9-4A25-AE5F-0B401FC9995A}.Debug|ARM.ActiveCfg = Debug|Any CPU
		{63C5F965-36B9-4A25-AE5F-0B401FC9995A}.Debug|x64.ActiveCfg = Debug|Any CPU
		{63C5F965-36B9-4A25-AE5F-0B401FC9995A}.Debug|x86.ActiveCfg = Debug|Any CPU
		{63C5F965-36B9-4A25-AE5F-0B401FC9995A}.Release|Any CPU.ActiveCfg = Release|Any CPU
		{63C5F965-36B9-4A25-AE5F-0B401FC9995A}.Release|Any CPU.Build.0 = Release|Any CPU
		{63C5F965-36B9-4A25-AE5F-0B401FC9995A}.Release|ARM.ActiveCfg = Release|Any CPU
		{63C5F965-36B9-4A25-AE5F-0B401FC9995A}.Release|x64.ActiveCfg = Release|Any CPU
		{63C5F965-36B9-4A25-AE5F-0B401FC9995A}.Release|x86.ActiveCfg = Release|Any CPU
		{B3DEE307-900F-4250-99C4-8BE909EFDB1D}.Debug|Any CPU.ActiveCfg = Debug|Any CPU
		{B3DEE307-900F-4250-99C4-8BE909EFDB1D}.Debug|Any CPU.Build.0 = Debug|Any CPU
		{B3DEE307-900F-4250-99C4-8BE909EFDB1D}.Debug|ARM.ActiveCfg = Debug|Any CPU
		{B3DEE307-900F-4250-99C4-8BE909EFDB1D}.Debug|x64.ActiveCfg = Debug|Any CPU
		{B3DEE307-900F-4250-99C4-8BE909EFDB1D}.Debug|x86.ActiveCfg = Debug|Any CPU
		{B3DEE307-900F-4250-99C4-8BE909EFDB1D}.Release|Any CPU.ActiveCfg = Release|Any CPU
		{B3DEE307-900F-4250-99C4-8BE909EFDB1D}.Release|Any CPU.Build.0 = Release|Any CPU
		{B3DEE307-900F-4250-99C4-8BE909EFDB1D}.Release|ARM.ActiveCfg = Release|Any CPU
		{B3DEE307-900F-4250-99C4-8BE909EFDB1D}.Release|x64.ActiveCfg = Release|Any CPU
		{B3DEE307-900F-4250-99C4-8BE909EFDB1D}.Release|x86.ActiveCfg = Release|Any CPU
		{31C0D411-DEFF-4996-B738-212C3C1A4722}.Debug|Any CPU.ActiveCfg = Debug|Any CPU
		{31C0D411-DEFF-4996-B738-212C3C1A4722}.Debug|Any CPU.Build.0 = Debug|Any CPU
		{31C0D411-DEFF-4996-B738-212C3C1A4722}.Debug|ARM.ActiveCfg = Debug|Any CPU
		{31C0D411-DEFF-4996-B738-212C3C1A4722}.Debug|x64.ActiveCfg = Debug|Any CPU
		{31C0D411-DEFF-4996-B738-212C3C1A4722}.Debug|x86.ActiveCfg = Debug|Any CPU
		{31C0D411-DEFF-4996-B738-212C3C1A4722}.Release|Any CPU.ActiveCfg = Release|Any CPU
		{31C0D411-DEFF-4996-B738-212C3C1A4722}.Release|Any CPU.Build.0 = Release|Any CPU
		{31C0D411-DEFF-4996-B738-212C3C1A4722}.Release|ARM.ActiveCfg = Release|Any CPU
		{31C0D411-DEFF-4996-B738-212C3C1A4722}.Release|x64.ActiveCfg = Release|Any CPU
		{31C0D411-DEFF-4996-B738-212C3C1A4722}.Release|x86.ActiveCfg = Release|Any CPU
		{78125507-6DDF-4561-AF9D-0D25B3017AFB}.Debug|Any CPU.ActiveCfg = Debug|Any CPU
		{78125507-6DDF-4561-AF9D-0D25B3017AFB}.Debug|Any CPU.Build.0 = Debug|Any CPU
		{78125507-6DDF-4561-AF9D-0D25B3017AFB}.Debug|ARM.ActiveCfg = Debug|Any CPU
		{78125507-6DDF-4561-AF9D-0D25B3017AFB}.Debug|x64.ActiveCfg = Debug|Any CPU
		{78125507-6DDF-4561-AF9D-0D25B3017AFB}.Debug|x86.ActiveCfg = Debug|Any CPU
		{78125507-6DDF-4561-AF9D-0D25B3017AFB}.Release|Any CPU.ActiveCfg = Release|Any CPU
		{78125507-6DDF-4561-AF9D-0D25B3017AFB}.Release|Any CPU.Build.0 = Release|Any CPU
		{78125507-6DDF-4561-AF9D-0D25B3017AFB}.Release|ARM.ActiveCfg = Release|Any CPU
		{78125507-6DDF-4561-AF9D-0D25B3017AFB}.Release|x64.ActiveCfg = Release|Any CPU
		{78125507-6DDF-4561-AF9D-0D25B3017AFB}.Release|x86.ActiveCfg = Release|Any CPU
		{F5AF57ED-C43B-4030-B010-788F167FCE5B}.Debug|Any CPU.ActiveCfg = Debug|Any CPU
		{F5AF57ED-C43B-4030-B010-788F167FCE5B}.Debug|Any CPU.Build.0 = Debug|Any CPU
		{F5AF57ED-C43B-4030-B010-788F167FCE5B}.Debug|ARM.ActiveCfg = Debug|Any CPU
		{F5AF57ED-C43B-4030-B010-788F167FCE5B}.Debug|x64.ActiveCfg = Debug|Any CPU
		{F5AF57ED-C43B-4030-B010-788F167FCE5B}.Debug|x86.ActiveCfg = Debug|Any CPU
		{F5AF57ED-C43B-4030-B010-788F167FCE5B}.Release|Any CPU.ActiveCfg = Release|Any CPU
		{F5AF57ED-C43B-4030-B010-788F167FCE5B}.Release|Any CPU.Build.0 = Release|Any CPU
		{F5AF57ED-C43B-4030-B010-788F167FCE5B}.Release|ARM.ActiveCfg = Release|Any CPU
		{F5AF57ED-C43B-4030-B010-788F167FCE5B}.Release|x64.ActiveCfg = Release|Any CPU
		{F5AF57ED-C43B-4030-B010-788F167FCE5B}.Release|x86.ActiveCfg = Release|Any CPU
		{C8826A2A-C0B5-4FF0-8A81-0C0CD4335EC1}.Debug|Any CPU.ActiveCfg = Debug|Any CPU
		{C8826A2A-C0B5-4FF0-8A81-0C0CD4335EC1}.Debug|Any CPU.Build.0 = Debug|Any CPU
		{C8826A2A-C0B5-4FF0-8A81-0C0CD4335EC1}.Debug|ARM.ActiveCfg = Debug|Any CPU
		{C8826A2A-C0B5-4FF0-8A81-0C0CD4335EC1}.Debug|x64.ActiveCfg = Debug|Any CPU
		{C8826A2A-C0B5-4FF0-8A81-0C0CD4335EC1}.Debug|x86.ActiveCfg = Debug|Any CPU
		{C8826A2A-C0B5-4FF0-8A81-0C0CD4335EC1}.Release|Any CPU.ActiveCfg = Release|Any CPU
		{C8826A2A-C0B5-4FF0-8A81-0C0CD4335EC1}.Release|Any CPU.Build.0 = Release|Any CPU
		{C8826A2A-C0B5-4FF0-8A81-0C0CD4335EC1}.Release|ARM.ActiveCfg = Release|Any CPU
		{C8826A2A-C0B5-4FF0-8A81-0C0CD4335EC1}.Release|x64.ActiveCfg = Release|Any CPU
		{C8826A2A-C0B5-4FF0-8A81-0C0CD4335EC1}.Release|x86.ActiveCfg = Release|Any CPU
		{B45A1E02-DDCF-414B-868B-60A3A47D358B}.Debug|Any CPU.ActiveCfg = Debug|Any CPU
		{B45A1E02-DDCF-414B-868B-60A3A47D358B}.Debug|Any CPU.Build.0 = Debug|Any CPU
		{B45A1E02-DDCF-414B-868B-60A3A47D358B}.Debug|ARM.ActiveCfg = Debug|Any CPU
		{B45A1E02-DDCF-414B-868B-60A3A47D358B}.Debug|x64.ActiveCfg = Debug|Any CPU
		{B45A1E02-DDCF-414B-868B-60A3A47D358B}.Debug|x86.ActiveCfg = Debug|Any CPU
		{B45A1E02-DDCF-414B-868B-60A3A47D358B}.Release|Any CPU.ActiveCfg = Release|Any CPU
		{B45A1E02-DDCF-414B-868B-60A3A47D358B}.Release|Any CPU.Build.0 = Release|Any CPU
		{B45A1E02-DDCF-414B-868B-60A3A47D358B}.Release|ARM.ActiveCfg = Release|Any CPU
		{B45A1E02-DDCF-414B-868B-60A3A47D358B}.Release|x64.ActiveCfg = Release|Any CPU
		{B45A1E02-DDCF-414B-868B-60A3A47D358B}.Release|x86.ActiveCfg = Release|Any CPU
		{253CEC7A-0521-442B-95C8-321C6C3B6172}.Debug|Any CPU.ActiveCfg = Debug|Any CPU
		{253CEC7A-0521-442B-95C8-321C6C3B6172}.Debug|Any CPU.Build.0 = Debug|Any CPU
		{253CEC7A-0521-442B-95C8-321C6C3B6172}.Debug|ARM.ActiveCfg = Debug|Any CPU
		{253CEC7A-0521-442B-95C8-321C6C3B6172}.Debug|x64.ActiveCfg = Debug|Any CPU
		{253CEC7A-0521-442B-95C8-321C6C3B6172}.Debug|x86.ActiveCfg = Debug|Any CPU
		{253CEC7A-0521-442B-95C8-321C6C3B6172}.Release|Any CPU.ActiveCfg = Release|Any CPU
		{253CEC7A-0521-442B-95C8-321C6C3B6172}.Release|Any CPU.Build.0 = Release|Any CPU
		{253CEC7A-0521-442B-95C8-321C6C3B6172}.Release|ARM.ActiveCfg = Release|Any CPU
		{253CEC7A-0521-442B-95C8-321C6C3B6172}.Release|x64.ActiveCfg = Release|Any CPU
		{253CEC7A-0521-442B-95C8-321C6C3B6172}.Release|x86.ActiveCfg = Release|Any CPU
		{36120B67-916B-4A98-B82F-BDC2142F6949}.Debug|Any CPU.ActiveCfg = Debug|Any CPU
		{36120B67-916B-4A98-B82F-BDC2142F6949}.Debug|Any CPU.Build.0 = Debug|Any CPU
		{36120B67-916B-4A98-B82F-BDC2142F6949}.Debug|ARM.ActiveCfg = Debug|Any CPU
		{36120B67-916B-4A98-B82F-BDC2142F6949}.Debug|x64.ActiveCfg = Debug|Any CPU
		{36120B67-916B-4A98-B82F-BDC2142F6949}.Debug|x86.ActiveCfg = Debug|Any CPU
		{36120B67-916B-4A98-B82F-BDC2142F6949}.Release|Any CPU.ActiveCfg = Release|Any CPU
		{36120B67-916B-4A98-B82F-BDC2142F6949}.Release|Any CPU.Build.0 = Release|Any CPU
		{36120B67-916B-4A98-B82F-BDC2142F6949}.Release|ARM.ActiveCfg = Release|Any CPU
		{36120B67-916B-4A98-B82F-BDC2142F6949}.Release|x64.ActiveCfg = Release|Any CPU
		{36120B67-916B-4A98-B82F-BDC2142F6949}.Release|x86.ActiveCfg = Release|Any CPU
		{042461D2-E408-4FC8-A9FF-FD39D68E412F}.Debug|Any CPU.ActiveCfg = Debug|Any CPU
		{042461D2-E408-4FC8-A9FF-FD39D68E412F}.Debug|Any CPU.Build.0 = Debug|Any CPU
		{042461D2-E408-4FC8-A9FF-FD39D68E412F}.Debug|ARM.ActiveCfg = Debug|Any CPU
		{042461D2-E408-4FC8-A9FF-FD39D68E412F}.Debug|x64.ActiveCfg = Debug|Any CPU
		{042461D2-E408-4FC8-A9FF-FD39D68E412F}.Debug|x86.ActiveCfg = Debug|Any CPU
		{042461D2-E408-4FC8-A9FF-FD39D68E412F}.Release|Any CPU.ActiveCfg = Release|Any CPU
		{042461D2-E408-4FC8-A9FF-FD39D68E412F}.Release|Any CPU.Build.0 = Release|Any CPU
		{042461D2-E408-4FC8-A9FF-FD39D68E412F}.Release|ARM.ActiveCfg = Release|Any CPU
		{042461D2-E408-4FC8-A9FF-FD39D68E412F}.Release|x64.ActiveCfg = Release|Any CPU
		{042461D2-E408-4FC8-A9FF-FD39D68E412F}.Release|x86.ActiveCfg = Release|Any CPU
		{C64C8171-8042-4210-89B2-B302A9D9CDED}.Debug|Any CPU.ActiveCfg = Debug|Any CPU
		{C64C8171-8042-4210-89B2-B302A9D9CDED}.Debug|Any CPU.Build.0 = Debug|Any CPU
		{C64C8171-8042-4210-89B2-B302A9D9CDED}.Debug|ARM.ActiveCfg = Debug|Any CPU
		{C64C8171-8042-4210-89B2-B302A9D9CDED}.Debug|x64.ActiveCfg = Debug|Any CPU
		{C64C8171-8042-4210-89B2-B302A9D9CDED}.Debug|x86.ActiveCfg = Debug|Any CPU
		{C64C8171-8042-4210-89B2-B302A9D9CDED}.Release|Any CPU.ActiveCfg = Release|Any CPU
		{C64C8171-8042-4210-89B2-B302A9D9CDED}.Release|Any CPU.Build.0 = Release|Any CPU
		{C64C8171-8042-4210-89B2-B302A9D9CDED}.Release|ARM.ActiveCfg = Release|Any CPU
		{C64C8171-8042-4210-89B2-B302A9D9CDED}.Release|x64.ActiveCfg = Release|Any CPU
		{C64C8171-8042-4210-89B2-B302A9D9CDED}.Release|x86.ActiveCfg = Release|Any CPU
		{D02DF12F-ABF0-4473-91E5-E74DF82187B1}.Debug|Any CPU.ActiveCfg = Debug|Any CPU
		{D02DF12F-ABF0-4473-91E5-E74DF82187B1}.Debug|Any CPU.Build.0 = Debug|Any CPU
		{D02DF12F-ABF0-4473-91E5-E74DF82187B1}.Debug|ARM.ActiveCfg = Debug|Any CPU
		{D02DF12F-ABF0-4473-91E5-E74DF82187B1}.Debug|x64.ActiveCfg = Debug|Any CPU
		{D02DF12F-ABF0-4473-91E5-E74DF82187B1}.Debug|x86.ActiveCfg = Debug|Any CPU
		{D02DF12F-ABF0-4473-91E5-E74DF82187B1}.Release|Any CPU.ActiveCfg = Release|Any CPU
		{D02DF12F-ABF0-4473-91E5-E74DF82187B1}.Release|Any CPU.Build.0 = Release|Any CPU
		{D02DF12F-ABF0-4473-91E5-E74DF82187B1}.Release|ARM.ActiveCfg = Release|Any CPU
		{D02DF12F-ABF0-4473-91E5-E74DF82187B1}.Release|x64.ActiveCfg = Release|Any CPU
		{D02DF12F-ABF0-4473-91E5-E74DF82187B1}.Release|x86.ActiveCfg = Release|Any CPU
		{C68C6109-7DC1-4249-9071-6DF6E1EB2A44}.Debug|Any CPU.ActiveCfg = Debug|Any CPU
		{C68C6109-7DC1-4249-9071-6DF6E1EB2A44}.Debug|Any CPU.Build.0 = Debug|Any CPU
		{C68C6109-7DC1-4249-9071-6DF6E1EB2A44}.Debug|ARM.ActiveCfg = Debug|Any CPU
		{C68C6109-7DC1-4249-9071-6DF6E1EB2A44}.Debug|x64.ActiveCfg = Debug|Any CPU
		{C68C6109-7DC1-4249-9071-6DF6E1EB2A44}.Debug|x86.ActiveCfg = Debug|Any CPU
		{C68C6109-7DC1-4249-9071-6DF6E1EB2A44}.Release|Any CPU.ActiveCfg = Release|Any CPU
		{C68C6109-7DC1-4249-9071-6DF6E1EB2A44}.Release|Any CPU.Build.0 = Release|Any CPU
		{C68C6109-7DC1-4249-9071-6DF6E1EB2A44}.Release|ARM.ActiveCfg = Release|Any CPU
		{C68C6109-7DC1-4249-9071-6DF6E1EB2A44}.Release|x64.ActiveCfg = Release|Any CPU
		{C68C6109-7DC1-4249-9071-6DF6E1EB2A44}.Release|x86.ActiveCfg = Release|Any CPU
		{0B311FEC-BBD5-4027-895C-6A7F645E12C4}.Debug|Any CPU.ActiveCfg = Debug|Any CPU
		{0B311FEC-BBD5-4027-895C-6A7F645E12C4}.Debug|Any CPU.Build.0 = Debug|Any CPU
		{0B311FEC-BBD5-4027-895C-6A7F645E12C4}.Debug|ARM.ActiveCfg = Debug|Any CPU
		{0B311FEC-BBD5-4027-895C-6A7F645E12C4}.Debug|x64.ActiveCfg = Debug|Any CPU
		{0B311FEC-BBD5-4027-895C-6A7F645E12C4}.Debug|x86.ActiveCfg = Debug|Any CPU
		{0B311FEC-BBD5-4027-895C-6A7F645E12C4}.Release|Any CPU.ActiveCfg = Release|Any CPU
		{0B311FEC-BBD5-4027-895C-6A7F645E12C4}.Release|Any CPU.Build.0 = Release|Any CPU
		{0B311FEC-BBD5-4027-895C-6A7F645E12C4}.Release|ARM.ActiveCfg = Release|Any CPU
		{0B311FEC-BBD5-4027-895C-6A7F645E12C4}.Release|x64.ActiveCfg = Release|Any CPU
		{0B311FEC-BBD5-4027-895C-6A7F645E12C4}.Release|x86.ActiveCfg = Release|Any CPU
	EndGlobalSection
	GlobalSection(SolutionProperties) = preSolution
		HideSolutionNode = FALSE
	EndGlobalSection
	GlobalSection(NestedProjects) = preSolution
		{110C07D3-3AF7-4129-B9C9-85D8263B641B} = {86D936D4-8F83-4ACF-BDBA-9FEA90430A09}
		{0EF9A46A-6BC1-41D6-8E9F-FFBEB3487949} = {41DD6BA0-3EFE-43E9-8C27-CAB936EE95D5}
		{3CEA67B1-C2F7-4F2F-A5CE-5FC528E91FD0} = {41DD6BA0-3EFE-43E9-8C27-CAB936EE95D5}
		{BD8E403E-1F90-4E25-8BA8-3AC88C9B7FF4} = {77C394BB-A678-4FF0-B616-8C492DE41FEC}
		{23B3A6D6-C00D-4479-B04B-AAC4AB035B41} = {77C394BB-A678-4FF0-B616-8C492DE41FEC}
		{E21FB2D7-50F7-46B5-83E6-488343C633B7} = {77C394BB-A678-4FF0-B616-8C492DE41FEC}
		{77C394BB-A678-4FF0-B616-8C492DE41FEC} = {952C8D27-1347-4833-917E-D28839C1233F}
		{220AA4D4-DDA8-4E39-8E0A-819AA4E8B56D} = {86D936D4-8F83-4ACF-BDBA-9FEA90430A09}
		{EAEC95A7-8162-4B43-A0EA-82F5C486F2FE} = {1D6755C9-B07B-4E28-8C59-526411640BE2}
		{8F11AB7B-F43A-4873-A547-27A0F8DE57F9} = {1D6755C9-B07B-4E28-8C59-526411640BE2}
		{01F10C6A-2C92-42A7-A637-1464B60A6C3B} = {1D6755C9-B07B-4E28-8C59-526411640BE2}
		{C8581291-F367-4F03-B990-428BD0F3644C} = {457F97F6-B81F-441B-903F-F33944D53013}
		{D5985055-9ECC-4155-86D8-AE2F68B5EC92} = {6EF891EB-C1CA-4FA7-97C1-AF8F928733CC}
		{29F3757D-94FB-4690-9F2A-C4B3979F79BC} = {6EF891EB-C1CA-4FA7-97C1-AF8F928733CC}
		{64356520-F6B3-48EC-A304-C96EE1336FFD} = {5F6C4D61-5A53-44E9-8512-1333A174C5A3}
		{CF0CD47D-E2B0-4A02-9EA2-829E45C0D1D8} = {5F6C4D61-5A53-44E9-8512-1333A174C5A3}
		{E43F67A1-EF9F-406A-8639-9E9FBB9B12DA} = {8E3A29E9-A968-46D7-ACC8-7C963468C7CD}
		{222D1C95-C49D-45F7-B7B1-F62C06951A97} = {5F6C4D61-5A53-44E9-8512-1333A174C5A3}
		{37ED2396-BCE1-475F-BF36-9DD2E82A4653} = {5F6C4D61-5A53-44E9-8512-1333A174C5A3}
		{5C8DC230-186F-4686-8BA9-90C2EDC3158B} = {5F6C4D61-5A53-44E9-8512-1333A174C5A3}
		{F7571DD7-6F20-49D0-964B-16C11B750FB9} = {5F6C4D61-5A53-44E9-8512-1333A174C5A3}
		{A02DB3E7-9E3F-4398-882B-B8DDA9CDCB81} = {1D6755C9-B07B-4E28-8C59-526411640BE2}
		{736DC257-4FB2-44A8-8458-48F4FBCE3069} = {1D6755C9-B07B-4E28-8C59-526411640BE2}
		{F6AC1FAB-762F-4659-8E6D-78C543941805} = {1D6755C9-B07B-4E28-8C59-526411640BE2}
		{8C25C859-832D-4F15-A512-C59684C6C523} = {1D6755C9-B07B-4E28-8C59-526411640BE2}
		{4558F659-21ED-4391-A106-20AB629C443C} = {23B3A6D6-C00D-4479-B04B-AAC4AB035B41}
		{024B1D67-DEA8-48BE-A223-809EFD024704} = {23B3A6D6-C00D-4479-B04B-AAC4AB035B41}
		{0B0CE9BD-8241-4E3E-A035-BABB5BAEE4DC} = {23B3A6D6-C00D-4479-B04B-AAC4AB035B41}
		{9177BB31-B035-4726-8486-8AD211F4E107} = {E21FB2D7-50F7-46B5-83E6-488343C633B7}
		{91EEC12A-8169-40FD-AFF3-B204C6176D70} = {BD8E403E-1F90-4E25-8BA8-3AC88C9B7FF4}
		{E6101B43-5D4D-498F-A3BC-C49B87214BED} = {BD8E403E-1F90-4E25-8BA8-3AC88C9B7FF4}
		{DCFD8AE5-0BF0-415E-80A1-F26DADFBA654} = {E21FB2D7-50F7-46B5-83E6-488343C633B7}
		{DA1FE3B3-8149-42B7-A39A-F8A1028D2A4D} = {BD8E403E-1F90-4E25-8BA8-3AC88C9B7FF4}
		{C5180308-9D67-4C7D-A0E2-EAB4D3DC039D} = {952C8D27-1347-4833-917E-D28839C1233F}
		{643A41F5-7EF3-4048-97EF-83A5D4E61BC0} = {C5180308-9D67-4C7D-A0E2-EAB4D3DC039D}
		{F416E99D-5C7B-40FF-A0E9-BB3817C6C1A4} = {41DD6BA0-3EFE-43E9-8C27-CAB936EE95D5}
		{A59B2FDB-C1D3-4F36-ADBE-21284CB74D67} = {41DD6BA0-3EFE-43E9-8C27-CAB936EE95D5}
		{F825AC44-D55B-4421-888E-CA8ABA065664} = {9E64D387-518E-4C43-88AA-9AFF2FCE0A98}
		{0E0F35FE-0FD6-4D53-9A81-FF93F56E8675} = {41DD6BA0-3EFE-43E9-8C27-CAB936EE95D5}
		{94A819C4-A633-4BF2-8163-D9C8C134D334} = {952C8D27-1347-4833-917E-D28839C1233F}
		{946756BC-5AB2-4E07-A7BC-F7E460AA174A} = {41DD6BA0-3EFE-43E9-8C27-CAB936EE95D5}
		{FE309C6D-19B9-4D30-8B05-82EED92CC9AA} = {8E3A29E9-A968-46D7-ACC8-7C963468C7CD}
		{C47D30A6-5330-49BC-8CDA-E7C38D87C869} = {8E3A29E9-A968-46D7-ACC8-7C963468C7CD}
		{C3B5E601-A381-488A-8B1B-2AFC3A299F50} = {E21FB2D7-50F7-46B5-83E6-488343C633B7}
		{EC5F7120-1D69-446E-9963-7B6A8B2C38A9} = {77C394BB-A678-4FF0-B616-8C492DE41FEC}
		{5604998E-0EE7-4AFF-A999-DCC4B80148CB} = {952C8D27-1347-4833-917E-D28839C1233F}
		{BA278575-90B1-46F5-AAB6-5C16518A6D0A} = {9E64D387-518E-4C43-88AA-9AFF2FCE0A98}
		{27E67E32-1459-4C5F-B9D1-CB6F530238C0} = {8E3A29E9-A968-46D7-ACC8-7C963468C7CD}
		{6FF781E5-FE3A-4A34-8E43-AFCA7357C841} = {41DD6BA0-3EFE-43E9-8C27-CAB936EE95D5}
		{769E9274-075C-403D-828D-8D4B3943580B} = {41DD6BA0-3EFE-43E9-8C27-CAB936EE95D5}
		{E1F83CCC-3896-4598-B923-9F49F91169B3} = {9E64D387-518E-4C43-88AA-9AFF2FCE0A98}
		{0DB2FE4E-D39C-4768-9B52-6B02254C4EAC} = {9E64D387-518E-4C43-88AA-9AFF2FCE0A98}
		{F36DCDB4-F9D5-42F5-9F88-C0994056E525} = {9E64D387-518E-4C43-88AA-9AFF2FCE0A98}
		{63C5F965-36B9-4A25-AE5F-0B401FC9995A} = {457F97F6-B81F-441B-903F-F33944D53013}
		{B3DEE307-900F-4250-99C4-8BE909EFDB1D} = {457F97F6-B81F-441B-903F-F33944D53013}
		{31C0D411-DEFF-4996-B738-212C3C1A4722} = {457F97F6-B81F-441B-903F-F33944D53013}
		{78125507-6DDF-4561-AF9D-0D25B3017AFB} = {457F97F6-B81F-441B-903F-F33944D53013}
		{F5AF57ED-C43B-4030-B010-788F167FCE5B} = {C8581291-F367-4F03-B990-428BD0F3644C}
		{C8826A2A-C0B5-4FF0-8A81-0C0CD4335EC1} = {C8581291-F367-4F03-B990-428BD0F3644C}
		{B45A1E02-DDCF-414B-868B-60A3A47D358B} = {C8581291-F367-4F03-B990-428BD0F3644C}
		{253CEC7A-0521-442B-95C8-321C6C3B6172} = {C8581291-F367-4F03-B990-428BD0F3644C}
		{36120B67-916B-4A98-B82F-BDC2142F6949} = {41DD6BA0-3EFE-43E9-8C27-CAB936EE95D5}
		{042461D2-E408-4FC8-A9FF-FD39D68E412F} = {E21FB2D7-50F7-46B5-83E6-488343C633B7}
		{C64C8171-8042-4210-89B2-B302A9D9CDED} = {457F97F6-B81F-441B-903F-F33944D53013}
		{D02DF12F-ABF0-4473-91E5-E74DF82187B1} = {9E64D387-518E-4C43-88AA-9AFF2FCE0A98}
		{C68C6109-7DC1-4249-9071-6DF6E1EB2A44} = {9E64D387-518E-4C43-88AA-9AFF2FCE0A98}
		{0B311FEC-BBD5-4027-895C-6A7F645E12C4} = {8E3A29E9-A968-46D7-ACC8-7C963468C7CD}
	EndGlobalSection
	GlobalSection(ExtensibilityGlobals) = postSolution
		EnterpriseLibraryConfigurationToolBinariesPathV6 = packages\EnterpriseLibrary.Common.6.0.1304.0\lib\NET45;packages\EnterpriseLibrary.Logging.6.0.1304.0\lib\NET45
	EndGlobalSection
	GlobalSection(TeamFoundationVersionControl) = preSolution
		SccNumberOfProjects = 62
		SccEnterpriseProvider = {4CA58AB2-18FA-4F8D-95D4-32DDF27D184C}
		SccTeamFoundationServer = https://mrchrisok.visualstudio.com/
		SccLocalPath0 = .
		SccProjectUniqueName1 = MarketMiner.Algorithm.Common\\MarketMiner.Algorithm.Common.csproj
		SccProjectTopLevelParentUniqueName1 = MarketMiner.sln
		SccProjectName1 = MarketMiner.Algorithm.Common
		SccLocalPath1 = MarketMiner.Algorithm.Common
		SccProjectUniqueName2 = MarketMiner.Algorithm.Demo\\MarketMiner.Algorithm.Demo.csproj
		SccProjectTopLevelParentUniqueName2 = MarketMiner.sln
		SccProjectName2 = MarketMiner.Algorithm.Demo
		SccLocalPath2 = MarketMiner.Algorithm.Demo
		SccProjectUniqueName3 = MarketMiner.Algorithm.ETrade.NewHIghs\\MarketMiner.Algorithm.ETrade.NewHIghs.csproj
		SccProjectTopLevelParentUniqueName3 = MarketMiner.sln
		SccProjectName3 = MarketMiner.Algorithm.ETrade.NewHIghs
		SccLocalPath3 = MarketMiner.Algorithm.ETrade.NewHIghs
		SccProjectUniqueName4 = MarketMiner.Algorithm.OANDA.AUDUSD\\MarketMiner.Algorithm.OANDA.AUDUSD.csproj
		SccProjectTopLevelParentUniqueName4 = MarketMiner.sln
		SccProjectName4 = MarketMiner.Algorithm.OANDA.AUDUSD
		SccLocalPath4 = MarketMiner.Algorithm.OANDA.AUDUSD
		SccProjectUniqueName5 = MarketMiner.Algorithm.OANDA.BOJ\\MarketMiner.Algorithm.OANDA.BOJ.csproj
		SccProjectTopLevelParentUniqueName5 = MarketMiner.sln
		SccProjectName5 = MarketMiner.Algorithm.OANDA.BOJ
		SccLocalPath5 = MarketMiner.Algorithm.OANDA.BOJ
		SccProjectUniqueName6 = MarketMiner.Algorithm.OANDA.BreadAndButter\\MarketMiner.Algorithm.OANDA.BreadAndButter.csproj
		SccProjectTopLevelParentUniqueName6 = MarketMiner.sln
		SccProjectName6 = MarketMiner.Algorithm.OANDA.BreadAndButter
		SccLocalPath6 = MarketMiner.Algorithm.OANDA.BreadAndButter
		SccProjectUniqueName7 = MarketMiner.Algorithm.OANDA.Common\\MarketMiner.Algorithm.OANDA.Common.csproj
		SccProjectTopLevelParentUniqueName7 = MarketMiner.sln
		SccProjectName7 = MarketMiner.Algorithm.OANDA.Common
		SccLocalPath7 = MarketMiner.Algorithm.OANDA.Common
		SccProjectUniqueName8 = MarketMiner.Algorithm.OANDA.FED\\MarketMiner.Algorithm.OANDA.FED.csproj
		SccProjectTopLevelParentUniqueName8 = MarketMiner.sln
		SccProjectName8 = MarketMiner.Algorithm.OANDA.FED
		SccLocalPath8 = MarketMiner.Algorithm.OANDA.FED
		SccProjectUniqueName9 = MarketMiner.Algorithm.OANDA.NZDUSD\\MarketMiner.Algorithm.OANDA.NZDUSD.csproj
		SccProjectTopLevelParentUniqueName9 = MarketMiner.sln
		SccProjectName9 = MarketMiner.Algorithm.OANDA.NZDUSD
		SccLocalPath9 = MarketMiner.Algorithm.OANDA.NZDUSD
		SccProjectUniqueName10 = MarketMiner.Algorithm.OANDA.PriceGap\\MarketMiner.Algorithm.OANDA.PriceGap.csproj
		SccProjectTopLevelParentUniqueName10 = MarketMiner.sln
		SccProjectName10 = MarketMiner.Algorithm.OANDA.PriceGap
		SccLocalPath10 = MarketMiner.Algorithm.OANDA.PriceGap
		SccProjectUniqueName11 = MarketMiner.Algorithm.OANDA.RBA\\MarketMiner.Algorithm.OANDA.RBA.csproj
		SccProjectTopLevelParentUniqueName11 = MarketMiner.sln
		SccProjectName11 = MarketMiner.Algorithm.OANDA.RBA
		SccLocalPath11 = MarketMiner.Algorithm.OANDA.RBA
		SccProjectUniqueName12 = MarketMiner.Algorithm.OANDA.SilverBullet\\MarketMiner.Algorithm.OANDA.SilverBullet.csproj
		SccProjectTopLevelParentUniqueName12 = MarketMiner.sln
		SccProjectName12 = MarketMiner.Algorithm.OANDA.SilverBullet
		SccLocalPath12 = MarketMiner.Algorithm.OANDA.SilverBullet
		SccProjectUniqueName13 = MarketMiner.Algorithm.OANDA.USDJPY\\MarketMiner.Algorithm.OANDA.USDJPY.csproj
		SccProjectTopLevelParentUniqueName13 = MarketMiner.sln
		SccProjectName13 = MarketMiner.Algorithm.OANDA.USDJPY
		SccLocalPath13 = MarketMiner.Algorithm.OANDA.USDJPY
		SccProjectUniqueName14 = MarketMiner.Algorithms\\MarketMiner.Algorithms.csproj
		SccProjectTopLevelParentUniqueName14 = MarketMiner.sln
		SccProjectName14 = MarketMiner.Algorithms
		SccLocalPath14 = MarketMiner.Algorithms
		SccProjectUniqueName15 = MarketMiner.Api.Client.Common\\MarketMiner.Api.Client.Common.csproj
		SccProjectTopLevelParentUniqueName15 = MarketMiner.sln
		SccProjectName15 = MarketMiner.Api.Client.Common
		SccLocalPath15 = MarketMiner.Api.Client.Common
		SccProjectUniqueName16 = MarketMiner.Api.Client.OANDA\\MarketMiner.Api.Client.OANDA.csproj
		SccProjectTopLevelParentUniqueName16 = MarketMiner.sln
		SccProjectName16 = MarketMiner.Api.Client.OANDA
		SccLocalPath16 = MarketMiner.Api.Client.OANDA
		SccProjectUniqueName17 = MarketMiner.Api.Common\\MarketMiner.Api.Common.csproj
		SccProjectTopLevelParentUniqueName17 = MarketMiner.sln
		SccProjectName17 = MarketMiner.Api.Common
		SccLocalPath17 = MarketMiner.Api.Common
		SccProjectUniqueName18 = MarketMiner.Api.ETrade\\MarketMiner.Api.ETrade.csproj
		SccProjectTopLevelParentUniqueName18 = MarketMiner.sln
		SccProjectName18 = MarketMiner.Api.ETrade
		SccLocalPath18 = MarketMiner.Api.ETrade
		SccProjectUniqueName19 = MarketMiner.Api.FXCM\\MarketMiner.Api.FXCM.csproj
		SccProjectTopLevelParentUniqueName19 = MarketMiner.sln
		SccProjectName19 = MarketMiner.Api.FXCM
		SccLocalPath19 = MarketMiner.Api.FXCM
		SccProjectUniqueName20 = MarketMiner.Api.OANDA.Extensions\\MarketMiner.Api.OANDA.Extensions.csproj
		SccProjectTopLevelParentUniqueName20 = MarketMiner.sln
		SccProjectName20 = MarketMiner.Api.OANDA.Extensions
		SccLocalPath20 = MarketMiner.Api.OANDA.Extensions
		SccProjectUniqueName21 = MarketMiner.Api.OANDA\\MarketMiner.Api.OANDA.csproj
		SccProjectTopLevelParentUniqueName21 = MarketMiner.sln
		SccProjectName21 = MarketMiner.Api.OANDA
		SccLocalPath21 = MarketMiner.Api.OANDA
		SccProjectUniqueName22 = MarketMiner.Business.Bootstrapper\\MarketMiner.Business.Bootstrapper.csproj
		SccProjectTopLevelParentUniqueName22 = MarketMiner.sln
		SccProjectName22 = MarketMiner.Business.Bootstrapper
		SccLocalPath22 = MarketMiner.Business.Bootstrapper
		SccProjectUniqueName23 = MarketMiner.Business.Common\\MarketMiner.Business.Common.csproj
		SccProjectTopLevelParentUniqueName23 = MarketMiner.sln
		SccProjectName23 = MarketMiner.Business.Common
		SccLocalPath23 = MarketMiner.Business.Common
		SccProjectUniqueName24 = MarketMiner.Business.Contracts\\MarketMiner.Business.Contracts.csproj
		SccProjectTopLevelParentUniqueName24 = MarketMiner.sln
		SccProjectName24 = MarketMiner.Business.Contracts
		SccLocalPath24 = MarketMiner.Business.Contracts
		SccProjectUniqueName25 = MarketMiner.Business.Entities\\MarketMiner.Business.Entities.csproj
		SccProjectTopLevelParentUniqueName25 = MarketMiner.sln
		SccProjectName25 = MarketMiner.Business.Entities
		SccLocalPath25 = MarketMiner.Business.Entities
		SccProjectUniqueName26 = MarketMiner.Business.Managers.Tests\\MarketMiner.Business.Managers.Tests.csproj
		SccProjectTopLevelParentUniqueName26 = MarketMiner.sln
		SccProjectName26 = MarketMiner.Business.Managers.Tests
		SccLocalPath26 = MarketMiner.Business.Managers.Tests
		SccProjectUniqueName27 = MarketMiner.Business.Managers\\MarketMiner.Business.Managers.csproj
		SccProjectTopLevelParentUniqueName27 = MarketMiner.sln
		SccProjectName27 = MarketMiner.Business.Managers
		SccLocalPath27 = MarketMiner.Business.Managers
		SccProjectUniqueName28 = MarketMiner.Business\\MarketMiner.Business.csproj
		SccProjectTopLevelParentUniqueName28 = MarketMiner.sln
		SccProjectName28 = MarketMiner.Business
		SccLocalPath28 = MarketMiner.Business
		SccProjectUniqueName29 = MarketMiner.Client.Bootstrapper\\MarketMiner.Client.Bootstrapper.csproj
		SccProjectTopLevelParentUniqueName29 = MarketMiner.sln
		SccProjectName29 = MarketMiner.Client.Bootstrapper
		SccLocalPath29 = MarketMiner.Client.Bootstrapper
		SccProjectUniqueName30 = MarketMiner.Client.Contracts\\MarketMiner.Client.Contracts.csproj
		SccProjectTopLevelParentUniqueName30 = MarketMiner.sln
		SccProjectName30 = MarketMiner.Client.Contracts
		SccLocalPath30 = MarketMiner.Client.Contracts
		SccProjectUniqueName31 = MarketMiner.Client.Entities\\MarketMiner.Client.Entities.csproj
		SccProjectTopLevelParentUniqueName31 = MarketMiner.sln
		SccProjectName31 = MarketMiner.Client.Entities
		SccLocalPath31 = MarketMiner.Client.Entities
		SccProjectUniqueName32 = MarketMiner.Client.Proxies.Tests\\MarketMiner.Client.Proxies.Tests.csproj
		SccProjectTopLevelParentUniqueName32 = MarketMiner.sln
		SccProjectName32 = MarketMiner.Client.Proxies.Tests
		SccLocalPath32 = MarketMiner.Client.Proxies.Tests
		SccProjectUniqueName33 = MarketMiner.Client.Proxies\\MarketMiner.Client.Proxies.csproj
		SccProjectTopLevelParentUniqueName33 = MarketMiner.sln
		SccProjectName33 = MarketMiner.Client.Proxies
		SccLocalPath33 = MarketMiner.Client.Proxies
		SccProjectUniqueName34 = MarketMiner.Common.Contracts\\MarketMiner.Common.Contracts.csproj
		SccProjectTopLevelParentUniqueName34 = MarketMiner.sln
		SccProjectName34 = MarketMiner.Common.Contracts
		SccLocalPath34 = MarketMiner.Common.Contracts
		SccProjectUniqueName35 = MarketMiner.Common\\MarketMiner.Common.csproj
		SccProjectTopLevelParentUniqueName35 = MarketMiner.sln
		SccProjectName35 = MarketMiner.Common
		SccLocalPath35 = MarketMiner.Common
		SccProjectUniqueName36 = MarketMiner.Console.Sandbox\\MarketMiner.Console.Sandbox.csproj
		SccProjectTopLevelParentUniqueName36 = MarketMiner.sln
		SccProjectName36 = MarketMiner.Console.Sandbox
		SccLocalPath36 = MarketMiner.Console.Sandbox
		SccProjectUniqueName37 = MarketMiner.Console.SignalR\\MarketMiner.Console.SignalR.csproj
		SccProjectTopLevelParentUniqueName37 = MarketMiner.sln
		SccProjectName37 = MarketMiner.Console.SignalR
		SccLocalPath37 = MarketMiner.Console.SignalR
		SccProjectUniqueName38 = MarketMiner.Data.Contracts\\MarketMiner.Data.Contracts.csproj
		SccProjectTopLevelParentUniqueName38 = MarketMiner.sln
		SccProjectName38 = MarketMiner.Data.Contracts
		SccLocalPath38 = MarketMiner.Data.Contracts
		SccProjectUniqueName39 = MarketMiner.Data\\MarketMiner.Data.csproj
		SccProjectTopLevelParentUniqueName39 = MarketMiner.sln
		SccProjectName39 = MarketMiner.Data
		SccLocalPath39 = MarketMiner.Data
		SccProjectUniqueName40 = MarketMiner.Host.SignalR\\MarketMiner.Host.SignalR.csproj
		SccProjectTopLevelParentUniqueName40 = MarketMiner.sln
		SccProjectName40 = MarketMiner.Host.SignalR
		SccLocalPath40 = MarketMiner.Host.SignalR
		SccProjectUniqueName41 = MarketMiner.Services.Tests\\MarketMiner.Services.Tests.csproj
		SccProjectTopLevelParentUniqueName41 = MarketMiner.sln
		SccProjectName41 = MarketMiner.Services.Tests
		SccLocalPath41 = MarketMiner.Services.Tests
		SccProjectUniqueName42 = MarketMiner.Services\\MarketMiner.Services.csproj
		SccProjectTopLevelParentUniqueName42 = MarketMiner.sln
		SccProjectName42 = MarketMiner.Services
		SccLocalPath42 = MarketMiner.Services
		SccProjectUniqueName43 = MarketMiner.SignalR.Tests\\MarketMiner.SignalR.Tests.csproj
		SccProjectTopLevelParentUniqueName43 = MarketMiner.sln
		SccProjectName43 = MarketMiner.SignalR.Tests
		SccLocalPath43 = MarketMiner.SignalR.Tests
		SccProjectUniqueName44 = MarketMiner.SignalR\\MarketMiner.SignalR.csproj
		SccProjectTopLevelParentUniqueName44 = MarketMiner.sln
		SccProjectName44 = MarketMiner.SignalR
		SccLocalPath44 = MarketMiner.SignalR
		SccProjectUniqueName45 = MarketMiner.UI\\MarketMiner.UI.csproj
		SccProjectTopLevelParentUniqueName45 = MarketMiner.sln
		SccProjectName45 = MarketMiner.UI
		SccLocalPath45 = MarketMiner.UI
		SccProjectUniqueName46 = MarketMiner.Web.JS\\MarketMiner.Web.JS.csproj
		SccProjectTopLevelParentUniqueName46 = MarketMiner.sln
		SccProjectName46 = MarketMiner.Web.JS
		SccLocalPath46 = MarketMiner.Web.JS
		SccProjectUniqueName47 = MarketMiner.Web.Mvc.Tests\\MarketMiner.Web.Mvc.Tests.csproj
		SccProjectTopLevelParentUniqueName47 = MarketMiner.sln
		SccProjectName47 = MarketMiner.Web.Mvc.Tests
		SccLocalPath47 = MarketMiner.Web.Mvc.Tests
		SccProjectUniqueName48 = ..\\..\\Core\\Release\\N.Core.Business\\N.Core.Business.csproj
		SccProjectTopLevelParentUniqueName48 = MarketMiner.sln
		SccProjectName48 = ../../Core/Release/N.Core.Business
		SccLocalPath48 = ..\\..\\Core\\Release\\N.Core.Business
		SccProjectUniqueName49 = ..\\..\\Core\\Release\\N.Core.Common\\N.Core.Common.csproj
		SccProjectTopLevelParentUniqueName49 = MarketMiner.sln
		SccProjectName49 = ../../Core/Release/N.Core.Common
		SccLocalPath49 = ..\\..\\Core\\Release\\N.Core.Common
		SccProjectUniqueName50 = ..\\..\\Core\\Release\\N.Core.Common.ServiceModel\\N.Core.Common.ServiceModel.csproj
		SccProjectTopLevelParentUniqueName50 = MarketMiner.sln
		SccProjectName50 = ../../Core/Release/N.Core.Common.ServiceModel
		SccLocalPath50 = ..\\..\\Core\\Release\\N.Core.Common.ServiceModel
		SccProjectUniqueName51 = ..\\..\\Core\\Release\\N.Core.Common.UI\\N.Core.Common.UI.csproj
		SccProjectTopLevelParentUniqueName51 = MarketMiner.sln
		SccProjectName51 = ../../Core/Release/N.Core.Common.UI
		SccLocalPath51 = ..\\..\\Core\\Release\\N.Core.Common.UI
		SccProjectUniqueName52 = ..\\..\\Core\\Release\\P.Core.Client\\P.Core.Client.csproj
		SccProjectTopLevelParentUniqueName52 = MarketMiner.sln
		SccProjectName52 = ../../Core/Release/P.Core.Client
		SccLocalPath52 = ..\\..\\Core\\Release\\P.Core.Client
		SccProjectUniqueName53 = ..\\..\\Core\\Release\\P.Core.Common\\P.Core.Common.csproj
		SccProjectTopLevelParentUniqueName53 = MarketMiner.sln
		SccProjectName53 = ../../Core/Release/P.Core.Common
		SccLocalPath53 = ..\\..\\Core\\Release\\P.Core.Common
		SccProjectUniqueName54 = ..\\..\\Core\\Release\\P.Core.Common.Contracts\\P.Core.Common.Contracts.csproj
		SccProjectTopLevelParentUniqueName54 = MarketMiner.sln
		SccProjectName54 = ../../Core/Release/P.Core.Common.Contracts
		SccLocalPath54 = ..\\..\\Core\\Release\\P.Core.Common.Contracts
		SccProjectUniqueName55 = ..\\..\\Core\\Release\\P.Core.Common.ServiceModel\\P.Core.Common.ServiceModel.csproj
		SccProjectTopLevelParentUniqueName55 = MarketMiner.sln
		SccProjectName55 = ../../Core/Release/P.Core.Common.ServiceModel
		SccLocalPath55 = ..\\..\\Core\\Release\\P.Core.Common.ServiceModel
		SccProjectUniqueName56 = MarketMiner.Web.Mvc\\MarketMiner.Web.Mvc.csproj
		SccProjectTopLevelParentUniqueName56 = MarketMiner.sln
		SccProjectName56 = MarketMiner.Web.Mvc
		SccLocalPath56 = MarketMiner.Web.Mvc
		SccProjectUniqueName57 = MarketMiner.Algorithm.OANDA.PriceGap01\\MarketMiner.Algorithm.OANDA.PriceGap01.csproj
		SccProjectTopLevelParentUniqueName57 = MarketMiner.sln
		SccProjectName57 = MarketMiner.Algorithm.OANDA.PriceGap01
		SccLocalPath57 = MarketMiner.Algorithm.OANDA.PriceGap01
		SccProjectUniqueName58 = ..\\..\\Core\\Release\\N.Core.Common.Contracts\\N.Core.Common.Contracts.csproj
		SccProjectTopLevelParentUniqueName58 = MarketMiner.sln
		SccProjectName58 = ../../Core/Release/N.Core.Common.Contracts
		SccLocalPath58 = ..\\..\\Core\\Release\\N.Core.Common.Contracts
		SccProjectUniqueName59 = MarketMiner.Api.Tests\\MarketMiner.Api.Tests.csproj
		SccProjectTopLevelParentUniqueName59 = MarketMiner.sln
		SccProjectName59 = MarketMiner.Api.Tests
		SccLocalPath59 = MarketMiner.Api.Tests
		SccProjectUniqueName60 = MarketMiner.Client.Common\\MarketMiner.Client.Common.csproj
		SccProjectTopLevelParentUniqueName60 = MarketMiner.sln
		SccProjectName60 = MarketMiner.Client.Common
		SccLocalPath60 = MarketMiner.Client.Common
		SccProjectUniqueName61 = MarketMiner.Algorithm.Tests\\MarketMiner.Algorithm.Tests.csproj
		SccProjectTopLevelParentUniqueName61 = MarketMiner.sln
		SccProjectName61 = MarketMiner.Algorithm.Tests
		SccLocalPath61 = MarketMiner.Algorithm.Tests
	EndGlobalSection
EndGlobal
